// !$*UTF8*$!
{
	archiveVersion = 1;
	classes = {
	};
	objectVersion = 51;
	objects = {

/* Begin PBXBuildFile section */
		053F9435B6EC70E6ECE1BBF9 /* Pods_bsuser.framework in Frameworks */ = {isa = PBXBuildFile; fileRef = 85277D30116E9EA61B1F1C0B /* Pods_bsuser.framework */; };
		641B93D32541D8C300233FB2 /* BookDetailMainCell.xib in Resources */ = {isa = PBXBuildFile; fileRef = 641B93D22541D8C300233FB2 /* BookDetailMainCell.xib */; };
		641B93D82541DB8000233FB2 /* BookDetailMainCell.swift in Sources */ = {isa = PBXBuildFile; fileRef = 641B93D72541DB8000233FB2 /* BookDetailMainCell.swift */; };
		641C84E8254AFE6E004AD797 /* AirbnbCereal-Medium.ttf in Resources */ = {isa = PBXBuildFile; fileRef = 641C84E4254AFE10004AD797 /* AirbnbCereal-Medium.ttf */; };
		641C84EC254AFE71004AD797 /* AirbnbCereal-Light.ttf in Resources */ = {isa = PBXBuildFile; fileRef = 641C84E3254AFE10004AD797 /* AirbnbCereal-Light.ttf */; };
		641C84F5254B0455004AD797 /* AirbnbCereal-Bold.ttf in Resources */ = {isa = PBXBuildFile; fileRef = 641C84F4254B044C004AD797 /* AirbnbCereal-Bold.ttf */; };
		641C84FA254B06FD004AD797 /* AirbnbCereal-Book.ttf in Resources */ = {isa = PBXBuildFile; fileRef = 641C84F9254B06F4004AD797 /* AirbnbCereal-Book.ttf */; };
		64364E722545E62B0073B8DC /* FilterType.swift in Sources */ = {isa = PBXBuildFile; fileRef = 64364E712545E62B0073B8DC /* FilterType.swift */; };
		643DA93E2539E55D0052CE35 /* NetworkManagement.swift in Sources */ = {isa = PBXBuildFile; fileRef = 643DA93D2539E55D0052CE35 /* NetworkManagement.swift */; };
		643E3703253C8EEE003D70E9 /* UIAlertController+AddAction.swift in Sources */ = {isa = PBXBuildFile; fileRef = 643E3702253C8EED003D70E9 /* UIAlertController+AddAction.swift */; };
		64416A8E254153C3005966AB /* BookDetailTopContainerView.swift in Sources */ = {isa = PBXBuildFile; fileRef = 64416A8D254153C3005966AB /* BookDetailTopContainerView.swift */; };
		644B6C5C2535FF3400F7FE32 /* EditPersonalInfoController.swift in Sources */ = {isa = PBXBuildFile; fileRef = 644B6C5B2535FF3400F7FE32 /* EditPersonalInfoController.swift */; };
		644B6C792536129F00F7FE32 /* EditPersonalInfoCell.swift in Sources */ = {isa = PBXBuildFile; fileRef = 644B6C782536129F00F7FE32 /* EditPersonalInfoCell.swift */; };
		644B6C7E253612B200F7FE32 /* EditPersonalInfoHeaderView.swift in Sources */ = {isa = PBXBuildFile; fileRef = 644B6C7D253612B200F7FE32 /* EditPersonalInfoHeaderView.swift */; };
		6476F65D25355B2E00879CC1 /* FilterCell.swift in Sources */ = {isa = PBXBuildFile; fileRef = 6476F65C25355B2E00879CC1 /* FilterCell.swift */; };
		6476F6682535700F00879CC1 /* User.swift in Sources */ = {isa = PBXBuildFile; fileRef = 6476F6672535700F00879CC1 /* User.swift */; };
		6476F6702535701300879CC1 /* Book.swift in Sources */ = {isa = PBXBuildFile; fileRef = 6476F66F2535701300879CC1 /* Book.swift */; };
		6476F69D2535706400879CC1 /* HTTPRequester.swift in Sources */ = {isa = PBXBuildFile; fileRef = 6476F69C2535706400879CC1 /* HTTPRequester.swift */; };
		647C777E2532325B0034159E /* TextfieldShadow.swift in Sources */ = {isa = PBXBuildFile; fileRef = 647C777D2532325B0034159E /* TextfieldShadow.swift */; };
		647C77832532330F0034159E /* IBooksButton.swift in Sources */ = {isa = PBXBuildFile; fileRef = 647C77822532330F0034159E /* IBooksButton.swift */; };
		647C77902532B3980034159E /* AppSetting.swift in Sources */ = {isa = PBXBuildFile; fileRef = 647C778F2532B3980034159E /* AppSetting.swift */; };
		647C77982532B5E10034159E /* LoginViewController.swift in Sources */ = {isa = PBXBuildFile; fileRef = 647C77972532B5E10034159E /* LoginViewController.swift */; };
		647C77A12532BF970034159E /* Home.storyboard in Resources */ = {isa = PBXBuildFile; fileRef = 647C77A02532BF970034159E /* Home.storyboard */; };
		647C77A62532BFA10034159E /* HomeViewController.swift in Sources */ = {isa = PBXBuildFile; fileRef = 647C77A52532BFA10034159E /* HomeViewController.swift */; };
		647C77AB2532BFC60034159E /* SearchGradientView.swift in Sources */ = {isa = PBXBuildFile; fileRef = 647C77AA2532BFC60034159E /* SearchGradientView.swift */; };
		647C77C82532C4070034159E /* MainTabBarController.swift in Sources */ = {isa = PBXBuildFile; fileRef = 647C77C72532C4070034159E /* MainTabBarController.swift */; };
		647C77D32532C7650034159E /* Main.storyboard in Resources */ = {isa = PBXBuildFile; fileRef = 647C77D22532C7650034159E /* Main.storyboard */; };
		647C77F32532F50A0034159E /* LocationTopView.swift in Sources */ = {isa = PBXBuildFile; fileRef = 647C77F22532F50A0034159E /* LocationTopView.swift */; };
		647C77FB2532FB270034159E /* IBooksSearchTextField.swift in Sources */ = {isa = PBXBuildFile; fileRef = 647C77FA2532FB270034159E /* IBooksSearchTextField.swift */; };
		648768512539FA91002B2AD6 /* Log.swift in Sources */ = {isa = PBXBuildFile; fileRef = 648768502539FA91002B2AD6 /* Log.swift */; };
		6490119625427C4400E5D9DE /* BookDetailDescriptionCell.xib in Resources */ = {isa = PBXBuildFile; fileRef = 6490119525427C4400E5D9DE /* BookDetailDescriptionCell.xib */; };
		6490119B25427D0200E5D9DE /* BookDetailDescriptionCell.swift in Sources */ = {isa = PBXBuildFile; fileRef = 6490119A25427D0200E5D9DE /* BookDetailDescriptionCell.swift */; };
		649B0063253AE56100BE315A /* AppSecurity.swift in Sources */ = {isa = PBXBuildFile; fileRef = 649B0062253AE56100BE315A /* AppSecurity.swift */; };
		649B009D253B5BFA00BE315A /* UIViewController+Alerts.swift in Sources */ = {isa = PBXBuildFile; fileRef = 649B009C253B5BFA00BE315A /* UIViewController+Alerts.swift */; };
		649B00A2253B5C4300BE315A /* AlertAction.swift in Sources */ = {isa = PBXBuildFile; fileRef = 649B00A1253B5C4300BE315A /* AlertAction.swift */; };
		649B00A7253B5C5500BE315A /* AlertActionBuilder.swift in Sources */ = {isa = PBXBuildFile; fileRef = 649B00A6253B5C5500BE315A /* AlertActionBuilder.swift */; };
		649BFFFA253A9CDB00BE315A /* Category.swift in Sources */ = {isa = PBXBuildFile; fileRef = 649BFFF9253A9CDB00BE315A /* Category.swift */; };
		64A3C8CE253DE8A60019F28A /* String+CapitalizingFirstLetter.swift in Sources */ = {isa = PBXBuildFile; fileRef = 64A3C8CD253DE8A60019F28A /* String+CapitalizingFirstLetter.swift */; };
		64A3C8D3253DEEB10019F28A /* SearchViewController.swift in Sources */ = {isa = PBXBuildFile; fileRef = 64A3C8D2253DEEB10019F28A /* SearchViewController.swift */; };
		64A3C8DD253DEF6D0019F28A /* Search.storyboard in Resources */ = {isa = PBXBuildFile; fileRef = 64A3C8DC253DEF6D0019F28A /* Search.storyboard */; };
		64A3C8E7253E04BF0019F28A /* SearchCell.swift in Sources */ = {isa = PBXBuildFile; fileRef = 64A3C8E6253E04BF0019F28A /* SearchCell.swift */; };
		64AD6EB025343D2A008D4EF6 /* CategoryViewController.swift in Sources */ = {isa = PBXBuildFile; fileRef = 64AD6EAF25343D2A008D4EF6 /* CategoryViewController.swift */; };
		64AD6EB525343FB0008D4EF6 /* Category.storyboard in Resources */ = {isa = PBXBuildFile; fileRef = 64AD6EB425343FB0008D4EF6 /* Category.storyboard */; };
		64AD6EBD253447D8008D4EF6 /* CategoryCell.swift in Sources */ = {isa = PBXBuildFile; fileRef = 64AD6EBC253447D8008D4EF6 /* CategoryCell.swift */; };
		64AD6EC32534559F008D4EF6 /* BookListViewController.swift in Sources */ = {isa = PBXBuildFile; fileRef = 64AD6EC22534559F008D4EF6 /* BookListViewController.swift */; };
		64AD6ECB25345614008D4EF6 /* BookListCell.swift in Sources */ = {isa = PBXBuildFile; fileRef = 64AD6ECA25345614008D4EF6 /* BookListCell.swift */; };
		64AD6ED5253476E6008D4EF6 /* BookList.storyboard in Resources */ = {isa = PBXBuildFile; fileRef = 64AD6ED4253476E6008D4EF6 /* BookList.storyboard */; };
		64B0275725428E2F00C1CDB2 /* BookDetailRecommendationCell.swift in Sources */ = {isa = PBXBuildFile; fileRef = 64B0275625428E2F00C1CDB2 /* BookDetailRecommendationCell.swift */; };
		64B0276A254295F900C1CDB2 /* RecommendationOverallCell.swift in Sources */ = {isa = PBXBuildFile; fileRef = 64B02769254295F900C1CDB2 /* RecommendationOverallCell.swift */; };
		64B0276F2542980300C1CDB2 /* BookDetailRecommendationHorizontalController.swift in Sources */ = {isa = PBXBuildFile; fileRef = 64B0276E2542980300C1CDB2 /* BookDetailRecommendationHorizontalController.swift */; };
		64B027742542999500C1CDB2 /* HorizontalSnappingController.swift in Sources */ = {isa = PBXBuildFile; fileRef = 64B027732542999500C1CDB2 /* HorizontalSnappingController.swift */; };
		64B0277925429A1500C1CDB2 /* BookDetailRecommendCollectionCell.swift in Sources */ = {isa = PBXBuildFile; fileRef = 64B0277825429A1500C1CDB2 /* BookDetailRecommendCollectionCell.swift */; };
		64B0278F25429C0600C1CDB2 /* BookDetailRecommendCollectionCell.xib in Resources */ = {isa = PBXBuildFile; fileRef = 64B0278E25429C0600C1CDB2 /* BookDetailRecommendCollectionCell.xib */; };
		64BA8BAA254C0CB000AC56C6 /* OrderViewController.swift in Sources */ = {isa = PBXBuildFile; fileRef = 64BA8BA9254C0CB000AC56C6 /* OrderViewController.swift */; };
		64BA8BB2254C0D5D00AC56C6 /* Order.storyboard in Resources */ = {isa = PBXBuildFile; fileRef = 64BA8BB1254C0D5D00AC56C6 /* Order.storyboard */; };
		64BA8BB7254C1CEB00AC56C6 /* OrderSuccessController.swift in Sources */ = {isa = PBXBuildFile; fileRef = 64BA8BB6254C1CEB00AC56C6 /* OrderSuccessController.swift */; };
		64BA8BF0254C452200AC56C6 /* OrderInformationCell.swift in Sources */ = {isa = PBXBuildFile; fileRef = 64BA8BEF254C452200AC56C6 /* OrderInformationCell.swift */; };
		64BA8BF5254C45A500AC56C6 /* OrderSubtotalCell.swift in Sources */ = {isa = PBXBuildFile; fileRef = 64BA8BF4254C45A500AC56C6 /* OrderSubtotalCell.swift */; };
		64BA8BFA254C45CA00AC56C6 /* OrderPaymentCell.swift in Sources */ = {isa = PBXBuildFile; fileRef = 64BA8BF9254C45CA00AC56C6 /* OrderPaymentCell.swift */; };
		64BA8BFF254C45EA00AC56C6 /* OrderShippingAddressCell.swift in Sources */ = {isa = PBXBuildFile; fileRef = 64BA8BFE254C45EA00AC56C6 /* OrderShippingAddressCell.swift */; };
		64BA8C0B254C544B00AC56C6 /* OrderAddCardDetailsController.swift in Sources */ = {isa = PBXBuildFile; fileRef = 64BA8C0A254C544B00AC56C6 /* OrderAddCardDetailsController.swift */; };
		64BA8C13254C5DA300AC56C6 /* CardTextField.swift in Sources */ = {isa = PBXBuildFile; fileRef = 64BA8C12254C5DA300AC56C6 /* CardTextField.swift */; };
		64CB9A562546998800DC3E92 /* CartViewController.swift in Sources */ = {isa = PBXBuildFile; fileRef = 64CB9A552546998800DC3E92 /* CartViewController.swift */; };
		64CB9A692546FD3700DC3E92 /* Cart.storyboard in Resources */ = {isa = PBXBuildFile; fileRef = 64CB9A682546FD3700DC3E92 /* Cart.storyboard */; };
		64CB9AA425471BD400DC3E92 /* CartCell.swift in Sources */ = {isa = PBXBuildFile; fileRef = 64CB9AA325471BD400DC3E92 /* CartCell.swift */; };
		64CB9AA92547200E00DC3E92 /* PromoCodeCell.swift in Sources */ = {isa = PBXBuildFile; fileRef = 64CB9AA82547200E00DC3E92 /* PromoCodeCell.swift */; };
		64CE1B182531ACF900A194E3 /* AppDelegate.swift in Sources */ = {isa = PBXBuildFile; fileRef = 64CE1B172531ACF900A194E3 /* AppDelegate.swift */; };
		64CE1B1C2531ACF900A194E3 /* SignUpViewController.swift in Sources */ = {isa = PBXBuildFile; fileRef = 64CE1B1B2531ACF900A194E3 /* SignUpViewController.swift */; };
		64CE1B1F2531ACF900A194E3 /* Registration.storyboard in Resources */ = {isa = PBXBuildFile; fileRef = 64CE1B1D2531ACF900A194E3 /* Registration.storyboard */; };
		64CE1B212531ACFB00A194E3 /* Assets.xcassets in Resources */ = {isa = PBXBuildFile; fileRef = 64CE1B202531ACFB00A194E3 /* Assets.xcassets */; };
		64CE1B242531ACFB00A194E3 /* LaunchScreen.storyboard in Resources */ = {isa = PBXBuildFile; fileRef = 64CE1B222531ACFB00A194E3 /* LaunchScreen.storyboard */; };
		64CE1B2F2531ACFB00A194E3 /* bsuserTests.swift in Sources */ = {isa = PBXBuildFile; fileRef = 64CE1B2E2531ACFB00A194E3 /* bsuserTests.swift */; };
		64CE1B3A2531ACFB00A194E3 /* bsuserUITests.swift in Sources */ = {isa = PBXBuildFile; fileRef = 64CE1B392531ACFB00A194E3 /* bsuserUITests.swift */; };
		64CE1B4D2531AFD400A194E3 /* Extensions+UIColor.swift in Sources */ = {isa = PBXBuildFile; fileRef = 64CE1B4C2531AFD400A194E3 /* Extensions+UIColor.swift */; };
		64CE1B562531B08200A194E3 /* Extensions+UILabel.swift in Sources */ = {isa = PBXBuildFile; fileRef = 64CE1B542531B08200A194E3 /* Extensions+UILabel.swift */; };
		64CE1B572531B08200A194E3 /* Extensions+UIView.swift in Sources */ = {isa = PBXBuildFile; fileRef = 64CE1B552531B08200A194E3 /* Extensions+UIView.swift */; };
		64CE1B692531B19800A194E3 /* Styles.swift in Sources */ = {isa = PBXBuildFile; fileRef = 64CE1B682531B19800A194E3 /* Styles.swift */; };
		64D5EA4925335362005788A3 /* ProfileTableViewController.swift in Sources */ = {isa = PBXBuildFile; fileRef = 64D5EA4825335362005788A3 /* ProfileTableViewController.swift */; };
		64D5EA5425335768005788A3 /* ProfileCell.xib in Resources */ = {isa = PBXBuildFile; fileRef = 64D5EA5325335768005788A3 /* ProfileCell.xib */; };
		64D5EA592533577C005788A3 /* ProfileCell.swift in Sources */ = {isa = PBXBuildFile; fileRef = 64D5EA582533577C005788A3 /* ProfileCell.swift */; };
		64D5EA5E25336385005788A3 /* ProfileHeaderView.swift in Sources */ = {isa = PBXBuildFile; fileRef = 64D5EA5D25336385005788A3 /* ProfileHeaderView.swift */; };
		64D5EA63253363B2005788A3 /* LogoutCell.swift in Sources */ = {isa = PBXBuildFile; fileRef = 64D5EA62253363B2005788A3 /* LogoutCell.swift */; };
		64FB7A4C2541230800158989 /* BookDetailController.swift in Sources */ = {isa = PBXBuildFile; fileRef = 64FB7A4B2541230700158989 /* BookDetailController.swift */; };
		64FB7A54254126C900158989 /* BottomContainerView.swift in Sources */ = {isa = PBXBuildFile; fileRef = 64FB7A53254126C900158989 /* BottomContainerView.swift */; };
		68DACAA8287F62A95FF2D493 /* Pods_bsuser_bsuserUITests.framework in Frameworks */ = {isa = PBXBuildFile; fileRef = EEE464A312CA041D0F89F13D /* Pods_bsuser_bsuserUITests.framework */; };
		9F7451B77ED2DC48309A9CC6 /* Pods_bsuserTests.framework in Frameworks */ = {isa = PBXBuildFile; fileRef = 449F25DE130B649638FE2A62 /* Pods_bsuserTests.framework */; };
/* End PBXBuildFile section */

/* Begin PBXContainerItemProxy section */
		64CE1B2B2531ACFB00A194E3 /* PBXContainerItemProxy */ = {
			isa = PBXContainerItemProxy;
			containerPortal = 64CE1B0C2531ACF900A194E3 /* Project object */;
			proxyType = 1;
			remoteGlobalIDString = 64CE1B132531ACF900A194E3;
			remoteInfo = bsuser;
		};
		64CE1B362531ACFB00A194E3 /* PBXContainerItemProxy */ = {
			isa = PBXContainerItemProxy;
			containerPortal = 64CE1B0C2531ACF900A194E3 /* Project object */;
			proxyType = 1;
			remoteGlobalIDString = 64CE1B132531ACF900A194E3;
			remoteInfo = bsuser;
		};
/* End PBXContainerItemProxy section */

/* Begin PBXFileReference section */
		3FB205EB3D496EB744764715 /* Pods-bsuser-bsuserUITests.debug.xcconfig */ = {isa = PBXFileReference; includeInIndex = 1; lastKnownFileType = text.xcconfig; name = "Pods-bsuser-bsuserUITests.debug.xcconfig"; path = "Target Support Files/Pods-bsuser-bsuserUITests/Pods-bsuser-bsuserUITests.debug.xcconfig"; sourceTree = "<group>"; };
		449F25DE130B649638FE2A62 /* Pods_bsuserTests.framework */ = {isa = PBXFileReference; explicitFileType = wrapper.framework; includeInIndex = 0; path = Pods_bsuserTests.framework; sourceTree = BUILT_PRODUCTS_DIR; };
		5FD6E2F2BA67D01B29219162 /* Pods-bsuser-bsuserUITests.release.xcconfig */ = {isa = PBXFileReference; includeInIndex = 1; lastKnownFileType = text.xcconfig; name = "Pods-bsuser-bsuserUITests.release.xcconfig"; path = "Target Support Files/Pods-bsuser-bsuserUITests/Pods-bsuser-bsuserUITests.release.xcconfig"; sourceTree = "<group>"; };
		641B93D22541D8C300233FB2 /* BookDetailMainCell.xib */ = {isa = PBXFileReference; lastKnownFileType = file.xib; path = BookDetailMainCell.xib; sourceTree = "<group>"; };
		641B93D72541DB8000233FB2 /* BookDetailMainCell.swift */ = {isa = PBXFileReference; lastKnownFileType = sourcecode.swift; path = BookDetailMainCell.swift; sourceTree = "<group>"; };
		641C84E3254AFE10004AD797 /* AirbnbCereal-Light.ttf */ = {isa = PBXFileReference; lastKnownFileType = file; path = "AirbnbCereal-Light.ttf"; sourceTree = "<group>"; };
		641C84E4254AFE10004AD797 /* AirbnbCereal-Medium.ttf */ = {isa = PBXFileReference; lastKnownFileType = file; path = "AirbnbCereal-Medium.ttf"; sourceTree = "<group>"; };
		641C84F4254B044C004AD797 /* AirbnbCereal-Bold.ttf */ = {isa = PBXFileReference; lastKnownFileType = file; path = "AirbnbCereal-Bold.ttf"; sourceTree = "<group>"; };
		641C84F9254B06F4004AD797 /* AirbnbCereal-Book.ttf */ = {isa = PBXFileReference; lastKnownFileType = file; path = "AirbnbCereal-Book.ttf"; sourceTree = "<group>"; };
		64364E712545E62B0073B8DC /* FilterType.swift */ = {isa = PBXFileReference; lastKnownFileType = sourcecode.swift; path = FilterType.swift; sourceTree = "<group>"; };
		643DA93D2539E55D0052CE35 /* NetworkManagement.swift */ = {isa = PBXFileReference; lastKnownFileType = sourcecode.swift; path = NetworkManagement.swift; sourceTree = "<group>"; };
		643E3702253C8EED003D70E9 /* UIAlertController+AddAction.swift */ = {isa = PBXFileReference; lastKnownFileType = sourcecode.swift; path = "UIAlertController+AddAction.swift"; sourceTree = "<group>"; };
		64416A8D254153C3005966AB /* BookDetailTopContainerView.swift */ = {isa = PBXFileReference; lastKnownFileType = sourcecode.swift; path = BookDetailTopContainerView.swift; sourceTree = "<group>"; };
		644B6C5B2535FF3400F7FE32 /* EditPersonalInfoController.swift */ = {isa = PBXFileReference; lastKnownFileType = sourcecode.swift; path = EditPersonalInfoController.swift; sourceTree = "<group>"; };
		644B6C782536129F00F7FE32 /* EditPersonalInfoCell.swift */ = {isa = PBXFileReference; lastKnownFileType = sourcecode.swift; path = EditPersonalInfoCell.swift; sourceTree = "<group>"; };
		644B6C7D253612B200F7FE32 /* EditPersonalInfoHeaderView.swift */ = {isa = PBXFileReference; lastKnownFileType = sourcecode.swift; path = EditPersonalInfoHeaderView.swift; sourceTree = "<group>"; };
		6476F65C25355B2E00879CC1 /* FilterCell.swift */ = {isa = PBXFileReference; lastKnownFileType = sourcecode.swift; path = FilterCell.swift; sourceTree = "<group>"; };
		6476F6672535700F00879CC1 /* User.swift */ = {isa = PBXFileReference; lastKnownFileType = sourcecode.swift; path = User.swift; sourceTree = "<group>"; };
		6476F66F2535701300879CC1 /* Book.swift */ = {isa = PBXFileReference; lastKnownFileType = sourcecode.swift; path = Book.swift; sourceTree = "<group>"; };
		6476F69C2535706400879CC1 /* HTTPRequester.swift */ = {isa = PBXFileReference; lastKnownFileType = sourcecode.swift; path = HTTPRequester.swift; sourceTree = "<group>"; };
		647C777D2532325B0034159E /* TextfieldShadow.swift */ = {isa = PBXFileReference; lastKnownFileType = sourcecode.swift; path = TextfieldShadow.swift; sourceTree = "<group>"; };
		647C77822532330F0034159E /* IBooksButton.swift */ = {isa = PBXFileReference; lastKnownFileType = sourcecode.swift; path = IBooksButton.swift; sourceTree = "<group>"; };
		647C778F2532B3980034159E /* AppSetting.swift */ = {isa = PBXFileReference; lastKnownFileType = sourcecode.swift; path = AppSetting.swift; sourceTree = "<group>"; };
		647C77972532B5E10034159E /* LoginViewController.swift */ = {isa = PBXFileReference; lastKnownFileType = sourcecode.swift; path = LoginViewController.swift; sourceTree = "<group>"; };
		647C77A02532BF970034159E /* Home.storyboard */ = {isa = PBXFileReference; lastKnownFileType = file.storyboard; path = Home.storyboard; sourceTree = "<group>"; };
		647C77A52532BFA10034159E /* HomeViewController.swift */ = {isa = PBXFileReference; lastKnownFileType = sourcecode.swift; path = HomeViewController.swift; sourceTree = "<group>"; };
		647C77AA2532BFC60034159E /* SearchGradientView.swift */ = {isa = PBXFileReference; lastKnownFileType = sourcecode.swift; path = SearchGradientView.swift; sourceTree = "<group>"; };
		647C77C72532C4070034159E /* MainTabBarController.swift */ = {isa = PBXFileReference; lastKnownFileType = sourcecode.swift; path = MainTabBarController.swift; sourceTree = "<group>"; };
		647C77D22532C7650034159E /* Main.storyboard */ = {isa = PBXFileReference; lastKnownFileType = file.storyboard; path = Main.storyboard; sourceTree = "<group>"; };
		647C77F22532F50A0034159E /* LocationTopView.swift */ = {isa = PBXFileReference; lastKnownFileType = sourcecode.swift; path = LocationTopView.swift; sourceTree = "<group>"; };
		647C77FA2532FB270034159E /* IBooksSearchTextField.swift */ = {isa = PBXFileReference; lastKnownFileType = sourcecode.swift; path = IBooksSearchTextField.swift; sourceTree = "<group>"; };
		648768502539FA91002B2AD6 /* Log.swift */ = {isa = PBXFileReference; lastKnownFileType = sourcecode.swift; path = Log.swift; sourceTree = "<group>"; };
		6490119525427C4400E5D9DE /* BookDetailDescriptionCell.xib */ = {isa = PBXFileReference; lastKnownFileType = file.xib; path = BookDetailDescriptionCell.xib; sourceTree = "<group>"; };
		6490119A25427D0200E5D9DE /* BookDetailDescriptionCell.swift */ = {isa = PBXFileReference; lastKnownFileType = sourcecode.swift; path = BookDetailDescriptionCell.swift; sourceTree = "<group>"; };
		649B0062253AE56100BE315A /* AppSecurity.swift */ = {isa = PBXFileReference; lastKnownFileType = sourcecode.swift; path = AppSecurity.swift; sourceTree = "<group>"; };
		649B009C253B5BFA00BE315A /* UIViewController+Alerts.swift */ = {isa = PBXFileReference; lastKnownFileType = sourcecode.swift; path = "UIViewController+Alerts.swift"; sourceTree = "<group>"; };
		649B00A1253B5C4300BE315A /* AlertAction.swift */ = {isa = PBXFileReference; lastKnownFileType = sourcecode.swift; path = AlertAction.swift; sourceTree = "<group>"; };
		649B00A6253B5C5500BE315A /* AlertActionBuilder.swift */ = {isa = PBXFileReference; lastKnownFileType = sourcecode.swift; path = AlertActionBuilder.swift; sourceTree = "<group>"; };
		649BFFF9253A9CDB00BE315A /* Category.swift */ = {isa = PBXFileReference; lastKnownFileType = sourcecode.swift; path = Category.swift; sourceTree = "<group>"; };
		64A3C8CD253DE8A60019F28A /* String+CapitalizingFirstLetter.swift */ = {isa = PBXFileReference; lastKnownFileType = sourcecode.swift; path = "String+CapitalizingFirstLetter.swift"; sourceTree = "<group>"; };
		64A3C8D2253DEEB10019F28A /* SearchViewController.swift */ = {isa = PBXFileReference; lastKnownFileType = sourcecode.swift; path = SearchViewController.swift; sourceTree = "<group>"; };
		64A3C8DC253DEF6D0019F28A /* Search.storyboard */ = {isa = PBXFileReference; lastKnownFileType = file.storyboard; path = Search.storyboard; sourceTree = "<group>"; };
		64A3C8E6253E04BF0019F28A /* SearchCell.swift */ = {isa = PBXFileReference; lastKnownFileType = sourcecode.swift; path = SearchCell.swift; sourceTree = "<group>"; };
		64AD6EAF25343D2A008D4EF6 /* CategoryViewController.swift */ = {isa = PBXFileReference; lastKnownFileType = sourcecode.swift; path = CategoryViewController.swift; sourceTree = "<group>"; };
		64AD6EB425343FB0008D4EF6 /* Category.storyboard */ = {isa = PBXFileReference; lastKnownFileType = file.storyboard; path = Category.storyboard; sourceTree = "<group>"; };
		64AD6EBC253447D8008D4EF6 /* CategoryCell.swift */ = {isa = PBXFileReference; lastKnownFileType = sourcecode.swift; path = CategoryCell.swift; sourceTree = "<group>"; };
		64AD6EC22534559F008D4EF6 /* BookListViewController.swift */ = {isa = PBXFileReference; lastKnownFileType = sourcecode.swift; path = BookListViewController.swift; sourceTree = "<group>"; };
		64AD6ECA25345614008D4EF6 /* BookListCell.swift */ = {isa = PBXFileReference; lastKnownFileType = sourcecode.swift; path = BookListCell.swift; sourceTree = "<group>"; };
		64AD6ED4253476E6008D4EF6 /* BookList.storyboard */ = {isa = PBXFileReference; lastKnownFileType = file.storyboard; path = BookList.storyboard; sourceTree = "<group>"; };
		64B0275625428E2F00C1CDB2 /* BookDetailRecommendationCell.swift */ = {isa = PBXFileReference; lastKnownFileType = sourcecode.swift; path = BookDetailRecommendationCell.swift; sourceTree = "<group>"; };
		64B02769254295F900C1CDB2 /* RecommendationOverallCell.swift */ = {isa = PBXFileReference; lastKnownFileType = sourcecode.swift; path = RecommendationOverallCell.swift; sourceTree = "<group>"; };
		64B0276E2542980300C1CDB2 /* BookDetailRecommendationHorizontalController.swift */ = {isa = PBXFileReference; lastKnownFileType = sourcecode.swift; path = BookDetailRecommendationHorizontalController.swift; sourceTree = "<group>"; };
		64B027732542999500C1CDB2 /* HorizontalSnappingController.swift */ = {isa = PBXFileReference; lastKnownFileType = sourcecode.swift; path = HorizontalSnappingController.swift; sourceTree = "<group>"; };
		64B0277825429A1500C1CDB2 /* BookDetailRecommendCollectionCell.swift */ = {isa = PBXFileReference; lastKnownFileType = sourcecode.swift; path = BookDetailRecommendCollectionCell.swift; sourceTree = "<group>"; };
		64B0278E25429C0600C1CDB2 /* BookDetailRecommendCollectionCell.xib */ = {isa = PBXFileReference; lastKnownFileType = file.xib; path = BookDetailRecommendCollectionCell.xib; sourceTree = "<group>"; };
		64BA8BA9254C0CB000AC56C6 /* OrderViewController.swift */ = {isa = PBXFileReference; lastKnownFileType = sourcecode.swift; path = OrderViewController.swift; sourceTree = "<group>"; };
		64BA8BB1254C0D5D00AC56C6 /* Order.storyboard */ = {isa = PBXFileReference; lastKnownFileType = file.storyboard; path = Order.storyboard; sourceTree = "<group>"; };
		64BA8BB6254C1CEB00AC56C6 /* OrderSuccessController.swift */ = {isa = PBXFileReference; lastKnownFileType = sourcecode.swift; path = OrderSuccessController.swift; sourceTree = "<group>"; };
		64BA8BEF254C452200AC56C6 /* OrderInformationCell.swift */ = {isa = PBXFileReference; lastKnownFileType = sourcecode.swift; path = OrderInformationCell.swift; sourceTree = "<group>"; };
		64BA8BF4254C45A500AC56C6 /* OrderSubtotalCell.swift */ = {isa = PBXFileReference; lastKnownFileType = sourcecode.swift; path = OrderSubtotalCell.swift; sourceTree = "<group>"; };
		64BA8BF9254C45CA00AC56C6 /* OrderPaymentCell.swift */ = {isa = PBXFileReference; lastKnownFileType = sourcecode.swift; path = OrderPaymentCell.swift; sourceTree = "<group>"; };
		64BA8BFE254C45EA00AC56C6 /* OrderShippingAddressCell.swift */ = {isa = PBXFileReference; lastKnownFileType = sourcecode.swift; path = OrderShippingAddressCell.swift; sourceTree = "<group>"; };
		64BA8C0A254C544B00AC56C6 /* OrderAddCardDetailsController.swift */ = {isa = PBXFileReference; lastKnownFileType = sourcecode.swift; path = OrderAddCardDetailsController.swift; sourceTree = "<group>"; };
		64BA8C12254C5DA300AC56C6 /* CardTextField.swift */ = {isa = PBXFileReference; lastKnownFileType = sourcecode.swift; path = CardTextField.swift; sourceTree = "<group>"; };
		64CB9A552546998800DC3E92 /* CartViewController.swift */ = {isa = PBXFileReference; lastKnownFileType = sourcecode.swift; path = CartViewController.swift; sourceTree = "<group>"; };
		64CB9A682546FD3700DC3E92 /* Cart.storyboard */ = {isa = PBXFileReference; lastKnownFileType = file.storyboard; path = Cart.storyboard; sourceTree = "<group>"; };
		64CB9AA325471BD400DC3E92 /* CartCell.swift */ = {isa = PBXFileReference; lastKnownFileType = sourcecode.swift; path = CartCell.swift; sourceTree = "<group>"; };
		64CB9AA82547200E00DC3E92 /* PromoCodeCell.swift */ = {isa = PBXFileReference; lastKnownFileType = sourcecode.swift; path = PromoCodeCell.swift; sourceTree = "<group>"; };
		64CE1B142531ACF900A194E3 /* bsuser.app */ = {isa = PBXFileReference; explicitFileType = wrapper.application; includeInIndex = 0; path = bsuser.app; sourceTree = BUILT_PRODUCTS_DIR; };
		64CE1B172531ACF900A194E3 /* AppDelegate.swift */ = {isa = PBXFileReference; lastKnownFileType = sourcecode.swift; path = AppDelegate.swift; sourceTree = "<group>"; };
		64CE1B1B2531ACF900A194E3 /* SignUpViewController.swift */ = {isa = PBXFileReference; lastKnownFileType = sourcecode.swift; path = SignUpViewController.swift; sourceTree = "<group>"; };
		64CE1B1E2531ACF900A194E3 /* Base */ = {isa = PBXFileReference; lastKnownFileType = file.storyboard; name = Base; path = Base.lproj/Registration.storyboard; sourceTree = "<group>"; };
		64CE1B202531ACFB00A194E3 /* Assets.xcassets */ = {isa = PBXFileReference; lastKnownFileType = folder.assetcatalog; path = Assets.xcassets; sourceTree = "<group>"; };
		64CE1B232531ACFB00A194E3 /* Base */ = {isa = PBXFileReference; lastKnownFileType = file.storyboard; name = Base; path = Base.lproj/LaunchScreen.storyboard; sourceTree = "<group>"; };
		64CE1B252531ACFB00A194E3 /* Info.plist */ = {isa = PBXFileReference; lastKnownFileType = text.plist.xml; path = Info.plist; sourceTree = "<group>"; };
		64CE1B2A2531ACFB00A194E3 /* bsuserTests.xctest */ = {isa = PBXFileReference; explicitFileType = wrapper.cfbundle; includeInIndex = 0; path = bsuserTests.xctest; sourceTree = BUILT_PRODUCTS_DIR; };
		64CE1B2E2531ACFB00A194E3 /* bsuserTests.swift */ = {isa = PBXFileReference; lastKnownFileType = sourcecode.swift; path = bsuserTests.swift; sourceTree = "<group>"; };
		64CE1B302531ACFB00A194E3 /* Info.plist */ = {isa = PBXFileReference; lastKnownFileType = text.plist.xml; path = Info.plist; sourceTree = "<group>"; };
		64CE1B352531ACFB00A194E3 /* bsuserUITests.xctest */ = {isa = PBXFileReference; explicitFileType = wrapper.cfbundle; includeInIndex = 0; path = bsuserUITests.xctest; sourceTree = BUILT_PRODUCTS_DIR; };
		64CE1B392531ACFB00A194E3 /* bsuserUITests.swift */ = {isa = PBXFileReference; lastKnownFileType = sourcecode.swift; path = bsuserUITests.swift; sourceTree = "<group>"; };
		64CE1B3B2531ACFB00A194E3 /* Info.plist */ = {isa = PBXFileReference; lastKnownFileType = text.plist.xml; path = Info.plist; sourceTree = "<group>"; };
		64CE1B4C2531AFD400A194E3 /* Extensions+UIColor.swift */ = {isa = PBXFileReference; lastKnownFileType = sourcecode.swift; path = "Extensions+UIColor.swift"; sourceTree = "<group>"; };
		64CE1B542531B08200A194E3 /* Extensions+UILabel.swift */ = {isa = PBXFileReference; fileEncoding = 4; lastKnownFileType = sourcecode.swift; path = "Extensions+UILabel.swift"; sourceTree = "<group>"; };
		64CE1B552531B08200A194E3 /* Extensions+UIView.swift */ = {isa = PBXFileReference; fileEncoding = 4; lastKnownFileType = sourcecode.swift; path = "Extensions+UIView.swift"; sourceTree = "<group>"; };
		64CE1B682531B19800A194E3 /* Styles.swift */ = {isa = PBXFileReference; lastKnownFileType = sourcecode.swift; path = Styles.swift; sourceTree = "<group>"; };
		64D5EA4825335362005788A3 /* ProfileTableViewController.swift */ = {isa = PBXFileReference; lastKnownFileType = sourcecode.swift; path = ProfileTableViewController.swift; sourceTree = "<group>"; };
		64D5EA5325335768005788A3 /* ProfileCell.xib */ = {isa = PBXFileReference; lastKnownFileType = file.xib; path = ProfileCell.xib; sourceTree = "<group>"; };
		64D5EA582533577C005788A3 /* ProfileCell.swift */ = {isa = PBXFileReference; lastKnownFileType = sourcecode.swift; path = ProfileCell.swift; sourceTree = "<group>"; };
		64D5EA5D25336385005788A3 /* ProfileHeaderView.swift */ = {isa = PBXFileReference; lastKnownFileType = sourcecode.swift; path = ProfileHeaderView.swift; sourceTree = "<group>"; };
		64D5EA62253363B2005788A3 /* LogoutCell.swift */ = {isa = PBXFileReference; lastKnownFileType = sourcecode.swift; path = LogoutCell.swift; sourceTree = "<group>"; };
		64FB7A4B2541230700158989 /* BookDetailController.swift */ = {isa = PBXFileReference; lastKnownFileType = sourcecode.swift; path = BookDetailController.swift; sourceTree = "<group>"; };
		64FB7A53254126C900158989 /* BottomContainerView.swift */ = {isa = PBXFileReference; lastKnownFileType = sourcecode.swift; path = BottomContainerView.swift; sourceTree = "<group>"; };
		6F44A38AA91719D7D1E4DCDB /* Pods-bsuserTests.debug.xcconfig */ = {isa = PBXFileReference; includeInIndex = 1; lastKnownFileType = text.xcconfig; name = "Pods-bsuserTests.debug.xcconfig"; path = "Target Support Files/Pods-bsuserTests/Pods-bsuserTests.debug.xcconfig"; sourceTree = "<group>"; };
		7A3F56B4A98BB45000130560 /* Pods-bsuser.debug.xcconfig */ = {isa = PBXFileReference; includeInIndex = 1; lastKnownFileType = text.xcconfig; name = "Pods-bsuser.debug.xcconfig"; path = "Target Support Files/Pods-bsuser/Pods-bsuser.debug.xcconfig"; sourceTree = "<group>"; };
		85277D30116E9EA61B1F1C0B /* Pods_bsuser.framework */ = {isa = PBXFileReference; explicitFileType = wrapper.framework; includeInIndex = 0; path = Pods_bsuser.framework; sourceTree = BUILT_PRODUCTS_DIR; };
		B482B437B215EAF172983D6A /* Pods-bsuser.release.xcconfig */ = {isa = PBXFileReference; includeInIndex = 1; lastKnownFileType = text.xcconfig; name = "Pods-bsuser.release.xcconfig"; path = "Target Support Files/Pods-bsuser/Pods-bsuser.release.xcconfig"; sourceTree = "<group>"; };
		E103A51535D3F8803D7B6095 /* Pods-bsuserTests.release.xcconfig */ = {isa = PBXFileReference; includeInIndex = 1; lastKnownFileType = text.xcconfig; name = "Pods-bsuserTests.release.xcconfig"; path = "Target Support Files/Pods-bsuserTests/Pods-bsuserTests.release.xcconfig"; sourceTree = "<group>"; };
		EEE464A312CA041D0F89F13D /* Pods_bsuser_bsuserUITests.framework */ = {isa = PBXFileReference; explicitFileType = wrapper.framework; includeInIndex = 0; path = Pods_bsuser_bsuserUITests.framework; sourceTree = BUILT_PRODUCTS_DIR; };
/* End PBXFileReference section */

/* Begin PBXFrameworksBuildPhase section */
		64CE1B112531ACF900A194E3 /* Frameworks */ = {
			isa = PBXFrameworksBuildPhase;
			buildActionMask = 2147483647;
			files = (
				053F9435B6EC70E6ECE1BBF9 /* Pods_bsuser.framework in Frameworks */,
			);
			runOnlyForDeploymentPostprocessing = 0;
		};
		64CE1B272531ACFB00A194E3 /* Frameworks */ = {
			isa = PBXFrameworksBuildPhase;
			buildActionMask = 2147483647;
			files = (
				9F7451B77ED2DC48309A9CC6 /* Pods_bsuserTests.framework in Frameworks */,
			);
			runOnlyForDeploymentPostprocessing = 0;
		};
		64CE1B322531ACFB00A194E3 /* Frameworks */ = {
			isa = PBXFrameworksBuildPhase;
			buildActionMask = 2147483647;
			files = (
				68DACAA8287F62A95FF2D493 /* Pods_bsuser_bsuserUITests.framework in Frameworks */,
			);
			runOnlyForDeploymentPostprocessing = 0;
		};
/* End PBXFrameworksBuildPhase section */

/* Begin PBXGroup section */
		48A4D23456F1EE4D3B0A6F49 /* Pods */ = {
			isa = PBXGroup;
			children = (
				7A3F56B4A98BB45000130560 /* Pods-bsuser.debug.xcconfig */,
				B482B437B215EAF172983D6A /* Pods-bsuser.release.xcconfig */,
				3FB205EB3D496EB744764715 /* Pods-bsuser-bsuserUITests.debug.xcconfig */,
				5FD6E2F2BA67D01B29219162 /* Pods-bsuser-bsuserUITests.release.xcconfig */,
				6F44A38AA91719D7D1E4DCDB /* Pods-bsuserTests.debug.xcconfig */,
				E103A51535D3F8803D7B6095 /* Pods-bsuserTests.release.xcconfig */,
			);
			path = Pods;
			sourceTree = "<group>";
		};
		641B93DC2541DBA200233FB2 /* Views */ = {
			isa = PBXGroup;
			children = (
				64416A8D254153C3005966AB /* BookDetailTopContainerView.swift */,
				64FB7A53254126C900158989 /* BottomContainerView.swift */,
			);
			name = Views;
			sourceTree = "<group>";
		};
		641C84E2254AFDF0004AD797 /* Fonts */ = {
			isa = PBXGroup;
			children = (
				641C84F9254B06F4004AD797 /* AirbnbCereal-Book.ttf */,
				641C84E3254AFE10004AD797 /* AirbnbCereal-Light.ttf */,
				641C84E4254AFE10004AD797 /* AirbnbCereal-Medium.ttf */,
				641C84F4254B044C004AD797 /* AirbnbCereal-Bold.ttf */,
			);
			path = Fonts;
			sourceTree = "<group>";
		};
		64364E702545E6170073B8DC /* Types */ = {
			isa = PBXGroup;
			children = (
				64364E712545E62B0073B8DC /* FilterType.swift */,
			);
			path = Types;
			sourceTree = "<group>";
		};
		6476F66625356F7700879CC1 /* Models */ = {
			isa = PBXGroup;
			children = (
				64364E702545E6170073B8DC /* Types */,
				6476F6672535700F00879CC1 /* User.swift */,
				6476F66F2535701300879CC1 /* Book.swift */,
				649BFFF9253A9CDB00BE315A /* Category.swift */,
			);
			path = Models;
			sourceTree = "<group>";
		};
		6476F6782535704200879CC1 /* Networking */ = {
			isa = PBXGroup;
			children = (
				6476F69C2535706400879CC1 /* HTTPRequester.swift */,
				643DA93D2539E55D0052CE35 /* NetworkManagement.swift */,
			);
			path = Networking;
			sourceTree = "<group>";
		};
		647C778725323C4A0034159E /* Registration */ = {
			isa = PBXGroup;
			children = (
				64CE1B1D2531ACF900A194E3 /* Registration.storyboard */,
				647C77972532B5E10034159E /* LoginViewController.swift */,
				64CE1B1B2531ACF900A194E3 /* SignUpViewController.swift */,
			);
			path = Registration;
			sourceTree = "<group>";
		};
		647C778825323C5B0034159E /* Systems */ = {
			isa = PBXGroup;
			children = (
				64CE1B172531ACF900A194E3 /* AppDelegate.swift */,
				647C778F2532B3980034159E /* AppSetting.swift */,
				649B0062253AE56100BE315A /* AppSecurity.swift */,
			);
			path = Systems;
			sourceTree = "<group>";
		};
		647C779F2532BF480034159E /* Home */ = {
			isa = PBXGroup;
			children = (
				647C77A02532BF970034159E /* Home.storyboard */,
				647C77A52532BFA10034159E /* HomeViewController.swift */,
			);
			path = Home;
			sourceTree = "<group>";
		};
		647C77C62532C3EC0034159E /* View Controllers */ = {
			isa = PBXGroup;
			children = (
				647C77C72532C4070034159E /* MainTabBarController.swift */,
				649B009C253B5BFA00BE315A /* UIViewController+Alerts.swift */,
				64B027732542999500C1CDB2 /* HorizontalSnappingController.swift */,
			);
			path = "View Controllers";
			sourceTree = "<group>";
		};
		647C77D72532C7870034159E /* Category */ = {
			isa = PBXGroup;
			children = (
				64AD6EAF25343D2A008D4EF6 /* CategoryViewController.swift */,
				64AD6EBC253447D8008D4EF6 /* CategoryCell.swift */,
				64AD6EB425343FB0008D4EF6 /* Category.storyboard */,
			);
			path = Category;
			sourceTree = "<group>";
		};
		647C77D82532C78C0034159E /* Cart */ = {
			isa = PBXGroup;
			children = (
				64CB9A552546998800DC3E92 /* CartViewController.swift */,
				64CB9AA325471BD400DC3E92 /* CartCell.swift */,
				64CB9A682546FD3700DC3E92 /* Cart.storyboard */,
				64CB9AA82547200E00DC3E92 /* PromoCodeCell.swift */,
			);
			path = Cart;
			sourceTree = "<group>";
		};
		647C77D92532C7940034159E /* Profile */ = {
			isa = PBXGroup;
			children = (
				64A3C8EB253E0BB60019F28A /* Edit profile */,
				64D5EA4825335362005788A3 /* ProfileTableViewController.swift */,
				64D5EA5D25336385005788A3 /* ProfileHeaderView.swift */,
				64D5EA62253363B2005788A3 /* LogoutCell.swift */,
				64D5EA5325335768005788A3 /* ProfileCell.xib */,
				64D5EA582533577C005788A3 /* ProfileCell.swift */,
			);
			path = Profile;
			sourceTree = "<group>";
		};
		64A3C8D8253DEEBC0019F28A /* Search */ = {
			isa = PBXGroup;
			children = (
				64A3C8D2253DEEB10019F28A /* SearchViewController.swift */,
				64A3C8E6253E04BF0019F28A /* SearchCell.swift */,
				64A3C8DC253DEF6D0019F28A /* Search.storyboard */,
			);
			path = Search;
			sourceTree = "<group>";
		};
		64A3C8EB253E0BB60019F28A /* Edit profile */ = {
			isa = PBXGroup;
			children = (
				644B6C7D253612B200F7FE32 /* EditPersonalInfoHeaderView.swift */,
				644B6C782536129F00F7FE32 /* EditPersonalInfoCell.swift */,
				644B6C5B2535FF3400F7FE32 /* EditPersonalInfoController.swift */,
			);
			name = "Edit profile";
			sourceTree = "<group>";
		};
		64AD6EC125345577008D4EF6 /* Book list */ = {
			isa = PBXGroup;
			children = (
				64AD6EC22534559F008D4EF6 /* BookListViewController.swift */,
				64AD6ED4253476E6008D4EF6 /* BookList.storyboard */,
				6476F65C25355B2E00879CC1 /* FilterCell.swift */,
				64AD6ECA25345614008D4EF6 /* BookListCell.swift */,
			);
			path = "Book list";
			sourceTree = "<group>";
		};
		64B0277D25429A8900C1CDB2 /* Main */ = {
			isa = PBXGroup;
			children = (
				641B93D22541D8C300233FB2 /* BookDetailMainCell.xib */,
				641B93D72541DB8000233FB2 /* BookDetailMainCell.swift */,
			);
			path = Main;
			sourceTree = "<group>";
		};
		64B0277E25429A9D00C1CDB2 /* Recommend */ = {
			isa = PBXGroup;
			children = (
				64B0278925429B6F00C1CDB2 /* Table View */,
				64B0278A25429B7700C1CDB2 /* Collection View */,
			);
			name = Recommend;
			sourceTree = "<group>";
		};
		64B0278425429B0200C1CDB2 /* Description */ = {
			isa = PBXGroup;
			children = (
				6490119A25427D0200E5D9DE /* BookDetailDescriptionCell.swift */,
				6490119525427C4400E5D9DE /* BookDetailDescriptionCell.xib */,
			);
			path = Description;
			sourceTree = "<group>";
		};
		64B0278925429B6F00C1CDB2 /* Table View */ = {
			isa = PBXGroup;
			children = (
				64B02769254295F900C1CDB2 /* RecommendationOverallCell.swift */,
				64B0275625428E2F00C1CDB2 /* BookDetailRecommendationCell.swift */,
			);
			name = "Table View";
			path = Views;
			sourceTree = "<group>";
		};
		64B0278A25429B7700C1CDB2 /* Collection View */ = {
			isa = PBXGroup;
			children = (
				64B0277825429A1500C1CDB2 /* BookDetailRecommendCollectionCell.swift */,
				64B0278E25429C0600C1CDB2 /* BookDetailRecommendCollectionCell.xib */,
				64B0276E2542980300C1CDB2 /* BookDetailRecommendationHorizontalController.swift */,
			);
			path = "Collection View";
			sourceTree = "<group>";
		};
		64BA8BA5254C015500AC56C6 /* Order */ = {
			isa = PBXGroup;
			children = (
				64BA8BB1254C0D5D00AC56C6 /* Order.storyboard */,
				64BA8C40254C673000AC56C6 /* Payment */,
				64BA8C06254C4D3A00AC56C6 /* Main Order */,
				64BA8BB6254C1CEB00AC56C6 /* OrderSuccessController.swift */,
			);
			path = Order;
			sourceTree = "<group>";
		};
		64BA8C06254C4D3A00AC56C6 /* Main Order */ = {
			isa = PBXGroup;
			children = (
				64BA8BEF254C452200AC56C6 /* OrderInformationCell.swift */,
				64BA8BFE254C45EA00AC56C6 /* OrderShippingAddressCell.swift */,
				64BA8BF9254C45CA00AC56C6 /* OrderPaymentCell.swift */,
				64BA8BF4254C45A500AC56C6 /* OrderSubtotalCell.swift */,
				64BA8BA9254C0CB000AC56C6 /* OrderViewController.swift */,
			);
			name = "Main Order";
			sourceTree = "<group>";
		};
		64BA8C40254C673000AC56C6 /* Payment */ = {
			isa = PBXGroup;
			children = (
				64BA8C0A254C544B00AC56C6 /* OrderAddCardDetailsController.swift */,
			);
			path = Payment;
			sourceTree = "<group>";
		};
		64CE1B0B2531ACF900A194E3 = {
			isa = PBXGroup;
			children = (
				64CE1B162531ACF900A194E3 /* Classes */,
				64CE1B5E2531B0A900A194E3 /* Resources */,
				64CE1B2D2531ACFB00A194E3 /* bsuserTests */,
				64CE1B382531ACFB00A194E3 /* bsuserUITests */,
				64CE1B152531ACF900A194E3 /* Products */,
				48A4D23456F1EE4D3B0A6F49 /* Pods */,
				6D44DD173F0EB3337CEE7CF3 /* Frameworks */,
			);
			sourceTree = "<group>";
		};
		64CE1B152531ACF900A194E3 /* Products */ = {
			isa = PBXGroup;
			children = (
				64CE1B142531ACF900A194E3 /* bsuser.app */,
				64CE1B2A2531ACFB00A194E3 /* bsuserTests.xctest */,
				64CE1B352531ACFB00A194E3 /* bsuserUITests.xctest */,
			);
			name = Products;
			sourceTree = "<group>";
		};
		64CE1B162531ACF900A194E3 /* Classes */ = {
			isa = PBXGroup;
			children = (
				64BA8BA5254C015500AC56C6 /* Order */,
				64FB7A4A254122E600158989 /* Book Detail */,
				64A3C8D8253DEEBC0019F28A /* Search */,
				6476F6782535704200879CC1 /* Networking */,
				6476F66625356F7700879CC1 /* Models */,
				64AD6EC125345577008D4EF6 /* Book list */,
				647C77D92532C7940034159E /* Profile */,
				647C77D82532C78C0034159E /* Cart */,
				647C77D72532C7870034159E /* Category */,
				647C77C62532C3EC0034159E /* View Controllers */,
				647C779F2532BF480034159E /* Home */,
				647C778825323C5B0034159E /* Systems */,
				647C778725323C4A0034159E /* Registration */,
				64CE1B4B2531AF8400A194E3 /* Utils */,
				64CE1B4A2531AD8D00A194E3 /* Views */,
			);
			path = Classes;
			sourceTree = "<group>";
		};
		64CE1B2D2531ACFB00A194E3 /* bsuserTests */ = {
			isa = PBXGroup;
			children = (
				64CE1B2E2531ACFB00A194E3 /* bsuserTests.swift */,
				64CE1B302531ACFB00A194E3 /* Info.plist */,
			);
			path = bsuserTests;
			sourceTree = "<group>";
		};
		64CE1B382531ACFB00A194E3 /* bsuserUITests */ = {
			isa = PBXGroup;
			children = (
				64CE1B392531ACFB00A194E3 /* bsuserUITests.swift */,
				64CE1B3B2531ACFB00A194E3 /* Info.plist */,
			);
			path = bsuserUITests;
			sourceTree = "<group>";
		};
		64CE1B4A2531AD8D00A194E3 /* Views */ = {
			isa = PBXGroup;
			children = (
				64CE1B682531B19800A194E3 /* Styles.swift */,
				647C777D2532325B0034159E /* TextfieldShadow.swift */,
				647C77822532330F0034159E /* IBooksButton.swift */,
				647C77AA2532BFC60034159E /* SearchGradientView.swift */,
				647C77FA2532FB270034159E /* IBooksSearchTextField.swift */,
				647C77F22532F50A0034159E /* LocationTopView.swift */,
				64BA8C12254C5DA300AC56C6 /* CardTextField.swift */,
			);
			name = Views;
			sourceTree = "<group>";
		};
		64CE1B4B2531AF8400A194E3 /* Utils */ = {
			isa = PBXGroup;
			children = (
				64CE1B4C2531AFD400A194E3 /* Extensions+UIColor.swift */,
				648768502539FA91002B2AD6 /* Log.swift */,
				64CE1B542531B08200A194E3 /* Extensions+UILabel.swift */,
				64CE1B552531B08200A194E3 /* Extensions+UIView.swift */,
				649B00A1253B5C4300BE315A /* AlertAction.swift */,
				643E3702253C8EED003D70E9 /* UIAlertController+AddAction.swift */,
				649B00A6253B5C5500BE315A /* AlertActionBuilder.swift */,
				64A3C8CD253DE8A60019F28A /* String+CapitalizingFirstLetter.swift */,
			);
			name = Utils;
			sourceTree = "<group>";
		};
		64CE1B5E2531B0A900A194E3 /* Resources */ = {
			isa = PBXGroup;
			children = (
				641C84E2254AFDF0004AD797 /* Fonts */,
				64CE1B202531ACFB00A194E3 /* Assets.xcassets */,
				64CE1B252531ACFB00A194E3 /* Info.plist */,
				64CE1B222531ACFB00A194E3 /* LaunchScreen.storyboard */,
				647C77D22532C7650034159E /* Main.storyboard */,
			);
			path = Resources;
			sourceTree = "<group>";
		};
		64FB7A4A254122E600158989 /* Book Detail */ = {
			isa = PBXGroup;
			children = (
				64B0278425429B0200C1CDB2 /* Description */,
				64B0277E25429A9D00C1CDB2 /* Recommend */,
				64B0277D25429A8900C1CDB2 /* Main */,
				641B93DC2541DBA200233FB2 /* Views */,
				64FB7A4B2541230700158989 /* BookDetailController.swift */,
			);
			path = "Book Detail";
			sourceTree = "<group>";
		};
		6D44DD173F0EB3337CEE7CF3 /* Frameworks */ = {
			isa = PBXGroup;
			children = (
				85277D30116E9EA61B1F1C0B /* Pods_bsuser.framework */,
				EEE464A312CA041D0F89F13D /* Pods_bsuser_bsuserUITests.framework */,
				449F25DE130B649638FE2A62 /* Pods_bsuserTests.framework */,
			);
			name = Frameworks;
			sourceTree = "<group>";
		};
/* End PBXGroup section */

/* Begin PBXNativeTarget section */
		64CE1B132531ACF900A194E3 /* bsuser */ = {
			isa = PBXNativeTarget;
			buildConfigurationList = 64CE1B3E2531ACFB00A194E3 /* Build configuration list for PBXNativeTarget "bsuser" */;
			buildPhases = (
				373C6385DEAF9A8907C6B233 /* [CP] Check Pods Manifest.lock */,
				64CE1B102531ACF900A194E3 /* Sources */,
				64CE1B112531ACF900A194E3 /* Frameworks */,
				64CE1B122531ACF900A194E3 /* Resources */,
				05856D2C6A8D8559FF0CBC88 /* [CP] Embed Pods Frameworks */,
				64FB7A2B25411C5A00158989 /* ShellScript */,
			);
			buildRules = (
			);
			dependencies = (
			);
			name = bsuser;
			productName = bsuser;
			productReference = 64CE1B142531ACF900A194E3 /* bsuser.app */;
			productType = "com.apple.product-type.application";
		};
		64CE1B292531ACFB00A194E3 /* bsuserTests */ = {
			isa = PBXNativeTarget;
			buildConfigurationList = 64CE1B412531ACFB00A194E3 /* Build configuration list for PBXNativeTarget "bsuserTests" */;
			buildPhases = (
				A93021E3FC19F7D845F3EF43 /* [CP] Check Pods Manifest.lock */,
				64CE1B262531ACFB00A194E3 /* Sources */,
				64CE1B272531ACFB00A194E3 /* Frameworks */,
				64CE1B282531ACFB00A194E3 /* Resources */,
			);
			buildRules = (
			);
			dependencies = (
				64CE1B2C2531ACFB00A194E3 /* PBXTargetDependency */,
			);
			name = bsuserTests;
			productName = bsuserTests;
			productReference = 64CE1B2A2531ACFB00A194E3 /* bsuserTests.xctest */;
			productType = "com.apple.product-type.bundle.unit-test";
		};
		64CE1B342531ACFB00A194E3 /* bsuserUITests */ = {
			isa = PBXNativeTarget;
			buildConfigurationList = 64CE1B442531ACFB00A194E3 /* Build configuration list for PBXNativeTarget "bsuserUITests" */;
			buildPhases = (
				1C1CB1ED41625F86A549B080 /* [CP] Check Pods Manifest.lock */,
				64CE1B312531ACFB00A194E3 /* Sources */,
				64CE1B322531ACFB00A194E3 /* Frameworks */,
				64CE1B332531ACFB00A194E3 /* Resources */,
				4D0B3892BAE94D0DA3C933E4 /* [CP] Embed Pods Frameworks */,
			);
			buildRules = (
			);
			dependencies = (
				64CE1B372531ACFB00A194E3 /* PBXTargetDependency */,
			);
			name = bsuserUITests;
			productName = bsuserUITests;
			productReference = 64CE1B352531ACFB00A194E3 /* bsuserUITests.xctest */;
			productType = "com.apple.product-type.bundle.ui-testing";
		};
/* End PBXNativeTarget section */

/* Begin PBXProject section */
		64CE1B0C2531ACF900A194E3 /* Project object */ = {
			isa = PBXProject;
			attributes = {
				LastSwiftUpdateCheck = 1200;
				LastUpgradeCheck = 1200;
				TargetAttributes = {
					64CE1B132531ACF900A194E3 = {
						CreatedOnToolsVersion = 12.0.1;
					};
					64CE1B292531ACFB00A194E3 = {
						CreatedOnToolsVersion = 12.0.1;
						TestTargetID = 64CE1B132531ACF900A194E3;
					};
					64CE1B342531ACFB00A194E3 = {
						CreatedOnToolsVersion = 12.0.1;
						TestTargetID = 64CE1B132531ACF900A194E3;
					};
				};
			};
			buildConfigurationList = 64CE1B0F2531ACF900A194E3 /* Build configuration list for PBXProject "bsuser" */;
			compatibilityVersion = "Xcode 9.3";
			developmentRegion = en;
			hasScannedForEncodings = 0;
			knownRegions = (
				en,
				Base,
			);
			mainGroup = 64CE1B0B2531ACF900A194E3;
			productRefGroup = 64CE1B152531ACF900A194E3 /* Products */;
			projectDirPath = "";
			projectRoot = "";
			targets = (
				64CE1B132531ACF900A194E3 /* bsuser */,
				64CE1B292531ACFB00A194E3 /* bsuserTests */,
				64CE1B342531ACFB00A194E3 /* bsuserUITests */,
			);
		};
/* End PBXProject section */

/* Begin PBXResourcesBuildPhase section */
		64CE1B122531ACF900A194E3 /* Resources */ = {
			isa = PBXResourcesBuildPhase;
			buildActionMask = 2147483647;
			files = (
				641C84FA254B06FD004AD797 /* AirbnbCereal-Book.ttf in Resources */,
				64CE1B242531ACFB00A194E3 /* LaunchScreen.storyboard in Resources */,
				641C84E8254AFE6E004AD797 /* AirbnbCereal-Medium.ttf in Resources */,
				647C77D32532C7650034159E /* Main.storyboard in Resources */,
				64CB9A692546FD3700DC3E92 /* Cart.storyboard in Resources */,
				64BA8BB2254C0D5D00AC56C6 /* Order.storyboard in Resources */,
				641C84EC254AFE71004AD797 /* AirbnbCereal-Light.ttf in Resources */,
				641B93D32541D8C300233FB2 /* BookDetailMainCell.xib in Resources */,
				64CE1B212531ACFB00A194E3 /* Assets.xcassets in Resources */,
				64AD6EB525343FB0008D4EF6 /* Category.storyboard in Resources */,
				6490119625427C4400E5D9DE /* BookDetailDescriptionCell.xib in Resources */,
				641C84F5254B0455004AD797 /* AirbnbCereal-Bold.ttf in Resources */,
				64A3C8DD253DEF6D0019F28A /* Search.storyboard in Resources */,
				64AD6ED5253476E6008D4EF6 /* BookList.storyboard in Resources */,
				64D5EA5425335768005788A3 /* ProfileCell.xib in Resources */,
				64CE1B1F2531ACF900A194E3 /* Registration.storyboard in Resources */,
				64B0278F25429C0600C1CDB2 /* BookDetailRecommendCollectionCell.xib in Resources */,
				647C77A12532BF970034159E /* Home.storyboard in Resources */,
			);
			runOnlyForDeploymentPostprocessing = 0;
		};
		64CE1B282531ACFB00A194E3 /* Resources */ = {
			isa = PBXResourcesBuildPhase;
			buildActionMask = 2147483647;
			files = (
			);
			runOnlyForDeploymentPostprocessing = 0;
		};
		64CE1B332531ACFB00A194E3 /* Resources */ = {
			isa = PBXResourcesBuildPhase;
			buildActionMask = 2147483647;
			files = (
			);
			runOnlyForDeploymentPostprocessing = 0;
		};
/* End PBXResourcesBuildPhase section */

/* Begin PBXShellScriptBuildPhase section */
		05856D2C6A8D8559FF0CBC88 /* [CP] Embed Pods Frameworks */ = {
			isa = PBXShellScriptBuildPhase;
			buildActionMask = 2147483647;
			files = (
			);
			inputFileListPaths = (
				"${PODS_ROOT}/Target Support Files/Pods-bsuser/Pods-bsuser-frameworks-${CONFIGURATION}-input-files.xcfilelist",
			);
			name = "[CP] Embed Pods Frameworks";
			outputFileListPaths = (
				"${PODS_ROOT}/Target Support Files/Pods-bsuser/Pods-bsuser-frameworks-${CONFIGURATION}-output-files.xcfilelist",
			);
			runOnlyForDeploymentPostprocessing = 0;
			shellPath = /bin/sh;
			shellScript = "\"${PODS_ROOT}/Target Support Files/Pods-bsuser/Pods-bsuser-frameworks.sh\"\n";
			showEnvVarsInLog = 0;
		};
		1C1CB1ED41625F86A549B080 /* [CP] Check Pods Manifest.lock */ = {
			isa = PBXShellScriptBuildPhase;
			buildActionMask = 2147483647;
			files = (
			);
			inputFileListPaths = (
			);
			inputPaths = (
				"${PODS_PODFILE_DIR_PATH}/Podfile.lock",
				"${PODS_ROOT}/Manifest.lock",
			);
			name = "[CP] Check Pods Manifest.lock";
			outputFileListPaths = (
			);
			outputPaths = (
				"$(DERIVED_FILE_DIR)/Pods-bsuser-bsuserUITests-checkManifestLockResult.txt",
			);
			runOnlyForDeploymentPostprocessing = 0;
			shellPath = /bin/sh;
			shellScript = "diff \"${PODS_PODFILE_DIR_PATH}/Podfile.lock\" \"${PODS_ROOT}/Manifest.lock\" > /dev/null\nif [ $? != 0 ] ; then\n    # print error to STDERR\n    echo \"error: The sandbox is not in sync with the Podfile.lock. Run 'pod install' or update your CocoaPods installation.\" >&2\n    exit 1\nfi\n# This output is used by Xcode 'outputs' to avoid re-running this script phase.\necho \"SUCCESS\" > \"${SCRIPT_OUTPUT_FILE_0}\"\n";
			showEnvVarsInLog = 0;
		};
		373C6385DEAF9A8907C6B233 /* [CP] Check Pods Manifest.lock */ = {
			isa = PBXShellScriptBuildPhase;
			buildActionMask = 2147483647;
			files = (
			);
			inputFileListPaths = (
			);
			inputPaths = (
				"${PODS_PODFILE_DIR_PATH}/Podfile.lock",
				"${PODS_ROOT}/Manifest.lock",
			);
			name = "[CP] Check Pods Manifest.lock";
			outputFileListPaths = (
			);
			outputPaths = (
				"$(DERIVED_FILE_DIR)/Pods-bsuser-checkManifestLockResult.txt",
			);
			runOnlyForDeploymentPostprocessing = 0;
			shellPath = /bin/sh;
			shellScript = "diff \"${PODS_PODFILE_DIR_PATH}/Podfile.lock\" \"${PODS_ROOT}/Manifest.lock\" > /dev/null\nif [ $? != 0 ] ; then\n    # print error to STDERR\n    echo \"error: The sandbox is not in sync with the Podfile.lock. Run 'pod install' or update your CocoaPods installation.\" >&2\n    exit 1\nfi\n# This output is used by Xcode 'outputs' to avoid re-running this script phase.\necho \"SUCCESS\" > \"${SCRIPT_OUTPUT_FILE_0}\"\n";
			showEnvVarsInLog = 0;
		};
		4D0B3892BAE94D0DA3C933E4 /* [CP] Embed Pods Frameworks */ = {
			isa = PBXShellScriptBuildPhase;
			buildActionMask = 2147483647;
			files = (
			);
			inputFileListPaths = (
				"${PODS_ROOT}/Target Support Files/Pods-bsuser-bsuserUITests/Pods-bsuser-bsuserUITests-frameworks-${CONFIGURATION}-input-files.xcfilelist",
			);
			name = "[CP] Embed Pods Frameworks";
			outputFileListPaths = (
				"${PODS_ROOT}/Target Support Files/Pods-bsuser-bsuserUITests/Pods-bsuser-bsuserUITests-frameworks-${CONFIGURATION}-output-files.xcfilelist",
			);
			runOnlyForDeploymentPostprocessing = 0;
			shellPath = /bin/sh;
			shellScript = "\"${PODS_ROOT}/Target Support Files/Pods-bsuser-bsuserUITests/Pods-bsuser-bsuserUITests-frameworks.sh\"\n";
			showEnvVarsInLog = 0;
		};
		64FB7A2B25411C5A00158989 /* ShellScript */ = {
			isa = PBXShellScriptBuildPhase;
			buildActionMask = 2147483647;
			files = (
			);
			inputFileListPaths = (
			);
			inputPaths = (
			);
			outputFileListPaths = (
			);
			outputPaths = (
			);
			runOnlyForDeploymentPostprocessing = 0;
			shellPath = /bin/sh;
			shellScript = "# Type a script or drag a script file from your workspace to insert its path.\nif which swiftlint >/dev/null; then\n  swiftlint\nelse\n  echo \"warning: SwiftLint not installed, download from https://github.com/realm/SwiftLint\"\nfi\n";
		};
		A93021E3FC19F7D845F3EF43 /* [CP] Check Pods Manifest.lock */ = {
			isa = PBXShellScriptBuildPhase;
			buildActionMask = 2147483647;
			files = (
			);
			inputFileListPaths = (
			);
			inputPaths = (
				"${PODS_PODFILE_DIR_PATH}/Podfile.lock",
				"${PODS_ROOT}/Manifest.lock",
			);
			name = "[CP] Check Pods Manifest.lock";
			outputFileListPaths = (
			);
			outputPaths = (
				"$(DERIVED_FILE_DIR)/Pods-bsuserTests-checkManifestLockResult.txt",
			);
			runOnlyForDeploymentPostprocessing = 0;
			shellPath = /bin/sh;
			shellScript = "diff \"${PODS_PODFILE_DIR_PATH}/Podfile.lock\" \"${PODS_ROOT}/Manifest.lock\" > /dev/null\nif [ $? != 0 ] ; then\n    # print error to STDERR\n    echo \"error: The sandbox is not in sync with the Podfile.lock. Run 'pod install' or update your CocoaPods installation.\" >&2\n    exit 1\nfi\n# This output is used by Xcode 'outputs' to avoid re-running this script phase.\necho \"SUCCESS\" > \"${SCRIPT_OUTPUT_FILE_0}\"\n";
			showEnvVarsInLog = 0;
		};
/* End PBXShellScriptBuildPhase section */

/* Begin PBXSourcesBuildPhase section */
		64CE1B102531ACF900A194E3 /* Sources */ = {
			isa = PBXSourcesBuildPhase;
			buildActionMask = 2147483647;
			files = (
				6476F6682535700F00879CC1 /* User.swift in Sources */,
				64FB7A4C2541230800158989 /* BookDetailController.swift in Sources */,
				649B0063253AE56100BE315A /* AppSecurity.swift in Sources */,
				64BA8BF0254C452200AC56C6 /* OrderInformationCell.swift in Sources */,
				647C77902532B3980034159E /* AppSetting.swift in Sources */,
				64B0276A254295F900C1CDB2 /* RecommendationOverallCell.swift in Sources */,
				64AD6ECB25345614008D4EF6 /* BookListCell.swift in Sources */,
				649B00A7253B5C5500BE315A /* AlertActionBuilder.swift in Sources */,
				64CE1B1C2531ACF900A194E3 /* SignUpViewController.swift in Sources */,
				643DA93E2539E55D0052CE35 /* NetworkManagement.swift in Sources */,
				647C77F32532F50A0034159E /* LocationTopView.swift in Sources */,
				649B009D253B5BFA00BE315A /* UIViewController+Alerts.swift in Sources */,
				64CE1B692531B19800A194E3 /* Styles.swift in Sources */,
				64A3C8D3253DEEB10019F28A /* SearchViewController.swift in Sources */,
				64BA8BFA254C45CA00AC56C6 /* OrderPaymentCell.swift in Sources */,
				644B6C5C2535FF3400F7FE32 /* EditPersonalInfoController.swift in Sources */,
				648768512539FA91002B2AD6 /* Log.swift in Sources */,
				64364E722545E62B0073B8DC /* FilterType.swift in Sources */,
				64BA8BB7254C1CEB00AC56C6 /* OrderSuccessController.swift in Sources */,
				644B6C792536129F00F7FE32 /* EditPersonalInfoCell.swift in Sources */,
				6476F6702535701300879CC1 /* Book.swift in Sources */,
				64CB9A562546998800DC3E92 /* CartViewController.swift in Sources */,
				6476F65D25355B2E00879CC1 /* FilterCell.swift in Sources */,
				64CE1B562531B08200A194E3 /* Extensions+UILabel.swift in Sources */,
				64B0275725428E2F00C1CDB2 /* BookDetailRecommendationCell.swift in Sources */,
				64CE1B572531B08200A194E3 /* Extensions+UIView.swift in Sources */,
				64A3C8E7253E04BF0019F28A /* SearchCell.swift in Sources */,
				6476F69D2535706400879CC1 /* HTTPRequester.swift in Sources */,
				64BA8BF5254C45A500AC56C6 /* OrderSubtotalCell.swift in Sources */,
				64CE1B182531ACF900A194E3 /* AppDelegate.swift in Sources */,
				644B6C7E253612B200F7FE32 /* EditPersonalInfoHeaderView.swift in Sources */,
				64D5EA4925335362005788A3 /* ProfileTableViewController.swift in Sources */,
				64FB7A54254126C900158989 /* BottomContainerView.swift in Sources */,
				64BA8C13254C5DA300AC56C6 /* CardTextField.swift in Sources */,
				64CE1B4D2531AFD400A194E3 /* Extensions+UIColor.swift in Sources */,
				64D5EA5E25336385005788A3 /* ProfileHeaderView.swift in Sources */,
				64BA8BAA254C0CB000AC56C6 /* OrderViewController.swift in Sources */,
				64B027742542999500C1CDB2 /* HorizontalSnappingController.swift in Sources */,
				649B00A2253B5C4300BE315A /* AlertAction.swift in Sources */,
				649BFFFA253A9CDB00BE315A /* Category.swift in Sources */,
				64CB9AA92547200E00DC3E92 /* PromoCodeCell.swift in Sources */,
				647C777E2532325B0034159E /* TextfieldShadow.swift in Sources */,
				64BA8BFF254C45EA00AC56C6 /* OrderShippingAddressCell.swift in Sources */,
				647C77832532330F0034159E /* IBooksButton.swift in Sources */,
				64AD6EC32534559F008D4EF6 /* BookListViewController.swift in Sources */,
				643E3703253C8EEE003D70E9 /* UIAlertController+AddAction.swift in Sources */,
				64D5EA63253363B2005788A3 /* LogoutCell.swift in Sources */,
				64B0277925429A1500C1CDB2 /* BookDetailRecommendCollectionCell.swift in Sources */,
				64AD6EB025343D2A008D4EF6 /* CategoryViewController.swift in Sources */,
				647C77C82532C4070034159E /* MainTabBarController.swift in Sources */,
				641B93D82541DB8000233FB2 /* BookDetailMainCell.swift in Sources */,
				64CB9AA425471BD400DC3E92 /* CartCell.swift in Sources */,
				64416A8E254153C3005966AB /* BookDetailTopContainerView.swift in Sources */,
				64BA8C0B254C544B00AC56C6 /* OrderAddCardDetailsController.swift in Sources */,
				64B0276F2542980300C1CDB2 /* BookDetailRecommendationHorizontalController.swift in Sources */,
				6490119B25427D0200E5D9DE /* BookDetailDescriptionCell.swift in Sources */,
				647C77FB2532FB270034159E /* IBooksSearchTextField.swift in Sources */,
				647C77AB2532BFC60034159E /* SearchGradientView.swift in Sources */,
				64A3C8CE253DE8A60019F28A /* String+CapitalizingFirstLetter.swift in Sources */,
				64D5EA592533577C005788A3 /* ProfileCell.swift in Sources */,
				647C77982532B5E10034159E /* LoginViewController.swift in Sources */,
				647C77A62532BFA10034159E /* HomeViewController.swift in Sources */,
				64AD6EBD253447D8008D4EF6 /* CategoryCell.swift in Sources */,
			);
			runOnlyForDeploymentPostprocessing = 0;
		};
		64CE1B262531ACFB00A194E3 /* Sources */ = {
			isa = PBXSourcesBuildPhase;
			buildActionMask = 2147483647;
			files = (
				64CE1B2F2531ACFB00A194E3 /* bsuserTests.swift in Sources */,
			);
			runOnlyForDeploymentPostprocessing = 0;
		};
		64CE1B312531ACFB00A194E3 /* Sources */ = {
			isa = PBXSourcesBuildPhase;
			buildActionMask = 2147483647;
			files = (
				64CE1B3A2531ACFB00A194E3 /* bsuserUITests.swift in Sources */,
			);
			runOnlyForDeploymentPostprocessing = 0;
		};
/* End PBXSourcesBuildPhase section */

/* Begin PBXTargetDependency section */
		64CE1B2C2531ACFB00A194E3 /* PBXTargetDependency */ = {
			isa = PBXTargetDependency;
			target = 64CE1B132531ACF900A194E3 /* bsuser */;
			targetProxy = 64CE1B2B2531ACFB00A194E3 /* PBXContainerItemProxy */;
		};
		64CE1B372531ACFB00A194E3 /* PBXTargetDependency */ = {
			isa = PBXTargetDependency;
			target = 64CE1B132531ACF900A194E3 /* bsuser */;
			targetProxy = 64CE1B362531ACFB00A194E3 /* PBXContainerItemProxy */;
		};
/* End PBXTargetDependency section */

/* Begin PBXVariantGroup section */
		64CE1B1D2531ACF900A194E3 /* Registration.storyboard */ = {
			isa = PBXVariantGroup;
			children = (
				64CE1B1E2531ACF900A194E3 /* Base */,
			);
			name = Registration.storyboard;
			sourceTree = "<group>";
		};
		64CE1B222531ACFB00A194E3 /* LaunchScreen.storyboard */ = {
			isa = PBXVariantGroup;
			children = (
				64CE1B232531ACFB00A194E3 /* Base */,
			);
			name = LaunchScreen.storyboard;
			sourceTree = "<group>";
		};
/* End PBXVariantGroup section */

/* Begin XCBuildConfiguration section */
		64CE1B3C2531ACFB00A194E3 /* Debug */ = {
			isa = XCBuildConfiguration;
			buildSettings = {
				ALWAYS_SEARCH_USER_PATHS = NO;
				CLANG_ANALYZER_NONNULL = YES;
				CLANG_ANALYZER_NUMBER_OBJECT_CONVERSION = YES_AGGRESSIVE;
				CLANG_CXX_LANGUAGE_STANDARD = "gnu++14";
				CLANG_CXX_LIBRARY = "libc++";
				CLANG_ENABLE_MODULES = YES;
				CLANG_ENABLE_OBJC_ARC = YES;
				CLANG_ENABLE_OBJC_WEAK = YES;
				CLANG_WARN_BLOCK_CAPTURE_AUTORELEASING = YES;
				CLANG_WARN_BOOL_CONVERSION = YES;
				CLANG_WARN_COMMA = YES;
				CLANG_WARN_CONSTANT_CONVERSION = YES;
				CLANG_WARN_DEPRECATED_OBJC_IMPLEMENTATIONS = YES;
				CLANG_WARN_DIRECT_OBJC_ISA_USAGE = YES_ERROR;
				CLANG_WARN_DOCUMENTATION_COMMENTS = YES;
				CLANG_WARN_EMPTY_BODY = YES;
				CLANG_WARN_ENUM_CONVERSION = YES;
				CLANG_WARN_INFINITE_RECURSION = YES;
				CLANG_WARN_INT_CONVERSION = YES;
				CLANG_WARN_NON_LITERAL_NULL_CONVERSION = YES;
				CLANG_WARN_OBJC_IMPLICIT_RETAIN_SELF = YES;
				CLANG_WARN_OBJC_LITERAL_CONVERSION = YES;
				CLANG_WARN_OBJC_ROOT_CLASS = YES_ERROR;
				CLANG_WARN_QUOTED_INCLUDE_IN_FRAMEWORK_HEADER = YES;
				CLANG_WARN_RANGE_LOOP_ANALYSIS = YES;
				CLANG_WARN_STRICT_PROTOTYPES = YES;
				CLANG_WARN_SUSPICIOUS_MOVE = YES;
				CLANG_WARN_UNGUARDED_AVAILABILITY = YES_AGGRESSIVE;
				CLANG_WARN_UNREACHABLE_CODE = YES;
				CLANG_WARN__DUPLICATE_METHOD_MATCH = YES;
				COPY_PHASE_STRIP = NO;
				DEBUG_INFORMATION_FORMAT = dwarf;
				ENABLE_STRICT_OBJC_MSGSEND = YES;
				ENABLE_TESTABILITY = YES;
				GCC_C_LANGUAGE_STANDARD = gnu11;
				GCC_DYNAMIC_NO_PIC = NO;
				GCC_NO_COMMON_BLOCKS = YES;
				GCC_OPTIMIZATION_LEVEL = 0;
				GCC_PREPROCESSOR_DEFINITIONS = (
					"DEBUG=1",
					"$(inherited)",
				);
				GCC_WARN_64_TO_32_BIT_CONVERSION = YES;
				GCC_WARN_ABOUT_RETURN_TYPE = YES_ERROR;
				GCC_WARN_UNDECLARED_SELECTOR = YES;
				GCC_WARN_UNINITIALIZED_AUTOS = YES_AGGRESSIVE;
				GCC_WARN_UNUSED_FUNCTION = YES;
				GCC_WARN_UNUSED_VARIABLE = YES;
				IPHONEOS_DEPLOYMENT_TARGET = 14.0;
				MTL_ENABLE_DEBUG_INFO = INCLUDE_SOURCE;
				MTL_FAST_MATH = YES;
				ONLY_ACTIVE_ARCH = YES;
				SDKROOT = iphoneos;
				SWIFT_ACTIVE_COMPILATION_CONDITIONS = DEBUG;
				SWIFT_OPTIMIZATION_LEVEL = "-Onone";
			};
			name = Debug;
		};
		64CE1B3D2531ACFB00A194E3 /* Release */ = {
			isa = XCBuildConfiguration;
			buildSettings = {
				ALWAYS_SEARCH_USER_PATHS = NO;
				CLANG_ANALYZER_NONNULL = YES;
				CLANG_ANALYZER_NUMBER_OBJECT_CONVERSION = YES_AGGRESSIVE;
				CLANG_CXX_LANGUAGE_STANDARD = "gnu++14";
				CLANG_CXX_LIBRARY = "libc++";
				CLANG_ENABLE_MODULES = YES;
				CLANG_ENABLE_OBJC_ARC = YES;
				CLANG_ENABLE_OBJC_WEAK = YES;
				CLANG_WARN_BLOCK_CAPTURE_AUTORELEASING = YES;
				CLANG_WARN_BOOL_CONVERSION = YES;
				CLANG_WARN_COMMA = YES;
				CLANG_WARN_CONSTANT_CONVERSION = YES;
				CLANG_WARN_DEPRECATED_OBJC_IMPLEMENTATIONS = YES;
				CLANG_WARN_DIRECT_OBJC_ISA_USAGE = YES_ERROR;
				CLANG_WARN_DOCUMENTATION_COMMENTS = YES;
				CLANG_WARN_EMPTY_BODY = YES;
				CLANG_WARN_ENUM_CONVERSION = YES;
				CLANG_WARN_INFINITE_RECURSION = YES;
				CLANG_WARN_INT_CONVERSION = YES;
				CLANG_WARN_NON_LITERAL_NULL_CONVERSION = YES;
				CLANG_WARN_OBJC_IMPLICIT_RETAIN_SELF = YES;
				CLANG_WARN_OBJC_LITERAL_CONVERSION = YES;
				CLANG_WARN_OBJC_ROOT_CLASS = YES_ERROR;
				CLANG_WARN_QUOTED_INCLUDE_IN_FRAMEWORK_HEADER = YES;
				CLANG_WARN_RANGE_LOOP_ANALYSIS = YES;
				CLANG_WARN_STRICT_PROTOTYPES = YES;
				CLANG_WARN_SUSPICIOUS_MOVE = YES;
				CLANG_WARN_UNGUARDED_AVAILABILITY = YES_AGGRESSIVE;
				CLANG_WARN_UNREACHABLE_CODE = YES;
				CLANG_WARN__DUPLICATE_METHOD_MATCH = YES;
				COPY_PHASE_STRIP = NO;
				DEBUG_INFORMATION_FORMAT = "dwarf-with-dsym";
				ENABLE_NS_ASSERTIONS = NO;
				ENABLE_STRICT_OBJC_MSGSEND = YES;
				GCC_C_LANGUAGE_STANDARD = gnu11;
				GCC_NO_COMMON_BLOCKS = YES;
				GCC_WARN_64_TO_32_BIT_CONVERSION = YES;
				GCC_WARN_ABOUT_RETURN_TYPE = YES_ERROR;
				GCC_WARN_UNDECLARED_SELECTOR = YES;
				GCC_WARN_UNINITIALIZED_AUTOS = YES_AGGRESSIVE;
				GCC_WARN_UNUSED_FUNCTION = YES;
				GCC_WARN_UNUSED_VARIABLE = YES;
				IPHONEOS_DEPLOYMENT_TARGET = 14.0;
				MTL_ENABLE_DEBUG_INFO = NO;
				MTL_FAST_MATH = YES;
				SDKROOT = iphoneos;
				SWIFT_COMPILATION_MODE = wholemodule;
				SWIFT_OPTIMIZATION_LEVEL = "-O";
				VALIDATE_PRODUCT = YES;
			};
			name = Release;
		};
		64CE1B3F2531ACFB00A194E3 /* Debug */ = {
			isa = XCBuildConfiguration;
			baseConfigurationReference = 7A3F56B4A98BB45000130560 /* Pods-bsuser.debug.xcconfig */;
			buildSettings = {
				ASSETCATALOG_COMPILER_APPICON_NAME = AppIcon;
				ASSETCATALOG_COMPILER_GLOBAL_ACCENT_COLOR_NAME = AccentColor;
				CODE_SIGN_STYLE = Automatic;
				DEVELOPMENT_TEAM = 5SB3H4Y5NS;
				INFOPLIST_FILE = Resources/Info.plist;
				IPHONEOS_DEPLOYMENT_TARGET = 13.0;
				LD_RUNPATH_SEARCH_PATHS = (
					"$(inherited)",
					"@executable_path/Frameworks",
				);
				PRODUCT_BUNDLE_IDENTIFIER = com.ldakhoa.bsuser;
				PRODUCT_NAME = "$(TARGET_NAME)";
				SWIFT_VERSION = 5.0;
				TARGETED_DEVICE_FAMILY = "1,2";
			};
			name = Debug;
		};
		64CE1B402531ACFB00A194E3 /* Release */ = {
			isa = XCBuildConfiguration;
			baseConfigurationReference = B482B437B215EAF172983D6A /* Pods-bsuser.release.xcconfig */;
			buildSettings = {
				ASSETCATALOG_COMPILER_APPICON_NAME = AppIcon;
				ASSETCATALOG_COMPILER_GLOBAL_ACCENT_COLOR_NAME = AccentColor;
				CODE_SIGN_STYLE = Automatic;
				DEVELOPMENT_TEAM = 5SB3H4Y5NS;
				INFOPLIST_FILE = Resources/Info.plist;
				IPHONEOS_DEPLOYMENT_TARGET = 13.0;
				LD_RUNPATH_SEARCH_PATHS = (
					"$(inherited)",
					"@executable_path/Frameworks",
				);
				PRODUCT_BUNDLE_IDENTIFIER = com.ldakhoa.bsuser;
				PRODUCT_NAME = "$(TARGET_NAME)";
				SWIFT_VERSION = 5.0;
				TARGETED_DEVICE_FAMILY = "1,2";
			};
			name = Release;
		};
		64CE1B422531ACFB00A194E3 /* Debug */ = {
			isa = XCBuildConfiguration;
			baseConfigurationReference = 6F44A38AA91719D7D1E4DCDB /* Pods-bsuserTests.debug.xcconfig */;
			buildSettings = {
				ALWAYS_EMBED_SWIFT_STANDARD_LIBRARIES = YES;
				BUNDLE_LOADER = "$(TEST_HOST)";
				CODE_SIGN_STYLE = Automatic;
				DEVELOPMENT_TEAM = 5SB3H4Y5NS;
				INFOPLIST_FILE = bsuserTests/Info.plist;
				IPHONEOS_DEPLOYMENT_TARGET = 14.0;
				LD_RUNPATH_SEARCH_PATHS = (
					"$(inherited)",
					"@executable_path/Frameworks",
					"@loader_path/Frameworks",
				);
				PRODUCT_BUNDLE_IDENTIFIER = com.ldakhoa.bsuserTests;
				PRODUCT_NAME = "$(TARGET_NAME)";
				SWIFT_VERSION = 5.0;
				TARGETED_DEVICE_FAMILY = "1,2";
				TEST_HOST = "$(BUILT_PRODUCTS_DIR)/bsuser.app/bsuser";
			};
			name = Debug;
		};
		64CE1B432531ACFB00A194E3 /* Release */ = {
			isa = XCBuildConfiguration;
			baseConfigurationReference = E103A51535D3F8803D7B6095 /* Pods-bsuserTests.release.xcconfig */;
			buildSettings = {
				ALWAYS_EMBED_SWIFT_STANDARD_LIBRARIES = YES;
				BUNDLE_LOADER = "$(TEST_HOST)";
				CODE_SIGN_STYLE = Automatic;
				DEVELOPMENT_TEAM = 5SB3H4Y5NS;
				INFOPLIST_FILE = bsuserTests/Info.plist;
				IPHONEOS_DEPLOYMENT_TARGET = 14.0;
				LD_RUNPATH_SEARCH_PATHS = (
					"$(inherited)",
					"@executable_path/Frameworks",
					"@loader_path/Frameworks",
				);
				PRODUCT_BUNDLE_IDENTIFIER = com.ldakhoa.bsuserTests;
				PRODUCT_NAME = "$(TARGET_NAME)";
				SWIFT_VERSION = 5.0;
				TARGETED_DEVICE_FAMILY = "1,2";
				TEST_HOST = "$(BUILT_PRODUCTS_DIR)/bsuser.app/bsuser";
			};
			name = Release;
		};
		64CE1B452531ACFB00A194E3 /* Debug */ = {
			isa = XCBuildConfiguration;
			baseConfigurationReference = 3FB205EB3D496EB744764715 /* Pods-bsuser-bsuserUITests.debug.xcconfig */;
			buildSettings = {
				ALWAYS_EMBED_SWIFT_STANDARD_LIBRARIES = YES;
				CODE_SIGN_STYLE = Automatic;
				DEVELOPMENT_TEAM = 5SB3H4Y5NS;
				INFOPLIST_FILE = bsuserUITests/Info.plist;
				LD_RUNPATH_SEARCH_PATHS = (
					"$(inherited)",
					"@executable_path/Frameworks",
					"@loader_path/Frameworks",
				);
				PRODUCT_BUNDLE_IDENTIFIER = com.ldakhoa.bsuserUITests;
				PRODUCT_NAME = "$(TARGET_NAME)";
				SWIFT_VERSION = 5.0;
				TARGETED_DEVICE_FAMILY = "1,2";
				TEST_TARGET_NAME = bsuser;
			};
			name = Debug;
		};
		64CE1B462531ACFB00A194E3 /* Release */ = {
			isa = XCBuildConfiguration;
			baseConfigurationReference = 5FD6E2F2BA67D01B29219162 /* Pods-bsuser-bsuserUITests.release.xcconfig */;
			buildSettings = {
				ALWAYS_EMBED_SWIFT_STANDARD_LIBRARIES = YES;
				CODE_SIGN_STYLE = Automatic;
				DEVELOPMENT_TEAM = 5SB3H4Y5NS;
				INFOPLIST_FILE = bsuserUITests/Info.plist;
				LD_RUNPATH_SEARCH_PATHS = (
					"$(inherited)",
					"@executable_path/Frameworks",
					"@loader_path/Frameworks",
				);
				PRODUCT_BUNDLE_IDENTIFIER = com.ldakhoa.bsuserUITests;
				PRODUCT_NAME = "$(TARGET_NAME)";
				SWIFT_VERSION = 5.0;
				TARGETED_DEVICE_FAMILY = "1,2";
				TEST_TARGET_NAME = bsuser;
			};
			name = Release;
		};
/* End XCBuildConfiguration section */

/* Begin XCConfigurationList section */
		64CE1B0F2531ACF900A194E3 /* Build configuration list for PBXProject "bsuser" */ = {
			isa = XCConfigurationList;
			buildConfigurations = (
				64CE1B3C2531ACFB00A194E3 /* Debug */,
				64CE1B3D2531ACFB00A194E3 /* Release */,
			);
			defaultConfigurationIsVisible = 0;
			defaultConfigurationName = Release;
		};
		64CE1B3E2531ACFB00A194E3 /* Build configuration list for PBXNativeTarget "bsuser" */ = {
			isa = XCConfigurationList;
			buildConfigurations = (
				64CE1B3F2531ACFB00A194E3 /* Debug */,
				64CE1B402531ACFB00A194E3 /* Release */,
			);
			defaultConfigurationIsVisible = 0;
			defaultConfigurationName = Release;
		};
		64CE1B412531ACFB00A194E3 /* Build configuration list for PBXNativeTarget "bsuserTests" */ = {
			isa = XCConfigurationList;
			buildConfigurations = (
				64CE1B422531ACFB00A194E3 /* Debug */,
				64CE1B432531ACFB00A194E3 /* Release */,
			);
			defaultConfigurationIsVisible = 0;
			defaultConfigurationName = Release;
		};
		64CE1B442531ACFB00A194E3 /* Build configuration list for PBXNativeTarget "bsuserUITests" */ = {
			isa = XCConfigurationList;
			buildConfigurations = (
				64CE1B452531ACFB00A194E3 /* Debug */,
				64CE1B462531ACFB00A194E3 /* Release */,
			);
			defaultConfigurationIsVisible = 0;
			defaultConfigurationName = Release;
		};
/* End XCConfigurationList section */
	};
	rootObject = 64CE1B0C2531ACF900A194E3 /* Project object */;
}
