// !$*UTF8*$!
{
	archiveVersion = 1;
	classes = {
	};
	objectVersion = 51;
	objects = {

/* Begin PBXBuildFile section */
		053F9435B6EC70E6ECE1BBF9 /* Pods_bsuser.framework in Frameworks */ = {isa = PBXBuildFile; fileRef = 85277D30116E9EA61B1F1C0B /* Pods_bsuser.framework */; };
		644B6C5C2535FF3400F7FE32 /* EditPersonalInfoController.swift in Sources */ = {isa = PBXBuildFile; fileRef = 644B6C5B2535FF3400F7FE32 /* EditPersonalInfoController.swift */; };
		644B6C792536129F00F7FE32 /* EditPersonalInfoCell.swift in Sources */ = {isa = PBXBuildFile; fileRef = 644B6C782536129F00F7FE32 /* EditPersonalInfoCell.swift */; };
		644B6C7E253612B200F7FE32 /* EditPersonalInfoHeaderView.swift in Sources */ = {isa = PBXBuildFile; fileRef = 644B6C7D253612B200F7FE32 /* EditPersonalInfoHeaderView.swift */; };
		6476F65D25355B2E00879CC1 /* FilterCell.swift in Sources */ = {isa = PBXBuildFile; fileRef = 6476F65C25355B2E00879CC1 /* FilterCell.swift */; };
		6476F6682535700F00879CC1 /* User.swift in Sources */ = {isa = PBXBuildFile; fileRef = 6476F6672535700F00879CC1 /* User.swift */; };
		6476F6702535701300879CC1 /* Book.swift in Sources */ = {isa = PBXBuildFile; fileRef = 6476F66F2535701300879CC1 /* Book.swift */; };
		6476F69D2535706400879CC1 /* HTTPRequester.swift in Sources */ = {isa = PBXBuildFile; fileRef = 6476F69C2535706400879CC1 /* HTTPRequester.swift */; };
		647C777E2532325B0034159E /* TextfieldShadow.swift in Sources */ = {isa = PBXBuildFile; fileRef = 647C777D2532325B0034159E /* TextfieldShadow.swift */; };
		647C77832532330F0034159E /* iBooksButton.swift in Sources */ = {isa = PBXBuildFile; fileRef = 647C77822532330F0034159E /* iBooksButton.swift */; };
		647C77902532B3980034159E /* AppSetting.swift in Sources */ = {isa = PBXBuildFile; fileRef = 647C778F2532B3980034159E /* AppSetting.swift */; };
		647C77982532B5E10034159E /* LoginViewController.swift in Sources */ = {isa = PBXBuildFile; fileRef = 647C77972532B5E10034159E /* LoginViewController.swift */; };
		647C77A12532BF970034159E /* Home.storyboard in Resources */ = {isa = PBXBuildFile; fileRef = 647C77A02532BF970034159E /* Home.storyboard */; };
		647C77A62532BFA10034159E /* HomeViewController.swift in Sources */ = {isa = PBXBuildFile; fileRef = 647C77A52532BFA10034159E /* HomeViewController.swift */; };
		647C77AB2532BFC60034159E /* SearchGradientView.swift in Sources */ = {isa = PBXBuildFile; fileRef = 647C77AA2532BFC60034159E /* SearchGradientView.swift */; };
		647C77C82532C4070034159E /* MainTabBarController.swift in Sources */ = {isa = PBXBuildFile; fileRef = 647C77C72532C4070034159E /* MainTabBarController.swift */; };
		647C77D32532C7650034159E /* Main.storyboard in Resources */ = {isa = PBXBuildFile; fileRef = 647C77D22532C7650034159E /* Main.storyboard */; };
		647C77F32532F50A0034159E /* LocationTopView.swift in Sources */ = {isa = PBXBuildFile; fileRef = 647C77F22532F50A0034159E /* LocationTopView.swift */; };
		647C77FB2532FB270034159E /* iBooksSearchTextField.swift in Sources */ = {isa = PBXBuildFile; fileRef = 647C77FA2532FB270034159E /* iBooksSearchTextField.swift */; };
		64AD6EB025343D2A008D4EF6 /* CategoryViewController.swift in Sources */ = {isa = PBXBuildFile; fileRef = 64AD6EAF25343D2A008D4EF6 /* CategoryViewController.swift */; };
		64AD6EB525343FB0008D4EF6 /* Category.storyboard in Resources */ = {isa = PBXBuildFile; fileRef = 64AD6EB425343FB0008D4EF6 /* Category.storyboard */; };
		64AD6EBD253447D8008D4EF6 /* CategoryCell.swift in Sources */ = {isa = PBXBuildFile; fileRef = 64AD6EBC253447D8008D4EF6 /* CategoryCell.swift */; };
		64AD6EC32534559F008D4EF6 /* SearchViewController.swift in Sources */ = {isa = PBXBuildFile; fileRef = 64AD6EC22534559F008D4EF6 /* SearchViewController.swift */; };
		64AD6ECB25345614008D4EF6 /* SearchCell.swift in Sources */ = {isa = PBXBuildFile; fileRef = 64AD6ECA25345614008D4EF6 /* SearchCell.swift */; };
		64AD6ED5253476E6008D4EF6 /* Search.storyboard in Resources */ = {isa = PBXBuildFile; fileRef = 64AD6ED4253476E6008D4EF6 /* Search.storyboard */; };
		64CE1B182531ACF900A194E3 /* AppDelegate.swift in Sources */ = {isa = PBXBuildFile; fileRef = 64CE1B172531ACF900A194E3 /* AppDelegate.swift */; };
		64CE1B1A2531ACF900A194E3 /* SceneDelegate.swift in Sources */ = {isa = PBXBuildFile; fileRef = 64CE1B192531ACF900A194E3 /* SceneDelegate.swift */; };
		64CE1B1C2531ACF900A194E3 /* SignUpViewController.swift in Sources */ = {isa = PBXBuildFile; fileRef = 64CE1B1B2531ACF900A194E3 /* SignUpViewController.swift */; };
		64CE1B1F2531ACF900A194E3 /* Registration.storyboard in Resources */ = {isa = PBXBuildFile; fileRef = 64CE1B1D2531ACF900A194E3 /* Registration.storyboard */; };
		64CE1B212531ACFB00A194E3 /* Assets.xcassets in Resources */ = {isa = PBXBuildFile; fileRef = 64CE1B202531ACFB00A194E3 /* Assets.xcassets */; };
		64CE1B242531ACFB00A194E3 /* LaunchScreen.storyboard in Resources */ = {isa = PBXBuildFile; fileRef = 64CE1B222531ACFB00A194E3 /* LaunchScreen.storyboard */; };
		64CE1B2F2531ACFB00A194E3 /* bsuserTests.swift in Sources */ = {isa = PBXBuildFile; fileRef = 64CE1B2E2531ACFB00A194E3 /* bsuserTests.swift */; };
		64CE1B3A2531ACFB00A194E3 /* bsuserUITests.swift in Sources */ = {isa = PBXBuildFile; fileRef = 64CE1B392531ACFB00A194E3 /* bsuserUITests.swift */; };
		64CE1B4D2531AFD400A194E3 /* Extensions+UIColor.swift in Sources */ = {isa = PBXBuildFile; fileRef = 64CE1B4C2531AFD400A194E3 /* Extensions+UIColor.swift */; };
		64CE1B562531B08200A194E3 /* Extensions+UILabel.swift in Sources */ = {isa = PBXBuildFile; fileRef = 64CE1B542531B08200A194E3 /* Extensions+UILabel.swift */; };
		64CE1B572531B08200A194E3 /* Extensions+UIView.swift in Sources */ = {isa = PBXBuildFile; fileRef = 64CE1B552531B08200A194E3 /* Extensions+UIView.swift */; };
		64CE1B692531B19800A194E3 /* Styles.swift in Sources */ = {isa = PBXBuildFile; fileRef = 64CE1B682531B19800A194E3 /* Styles.swift */; };
		64D5EA4925335362005788A3 /* ProfileTableViewController.swift in Sources */ = {isa = PBXBuildFile; fileRef = 64D5EA4825335362005788A3 /* ProfileTableViewController.swift */; };
		64D5EA5425335768005788A3 /* ProfileCell.xib in Resources */ = {isa = PBXBuildFile; fileRef = 64D5EA5325335768005788A3 /* ProfileCell.xib */; };
		64D5EA592533577C005788A3 /* ProfileCell.swift in Sources */ = {isa = PBXBuildFile; fileRef = 64D5EA582533577C005788A3 /* ProfileCell.swift */; };
		64D5EA5E25336385005788A3 /* ProfileHeaderView.swift in Sources */ = {isa = PBXBuildFile; fileRef = 64D5EA5D25336385005788A3 /* ProfileHeaderView.swift */; };
		64D5EA63253363B2005788A3 /* LogoutCell.swift in Sources */ = {isa = PBXBuildFile; fileRef = 64D5EA62253363B2005788A3 /* LogoutCell.swift */; };
		68DACAA8287F62A95FF2D493 /* Pods_bsuser_bsuserUITests.framework in Frameworks */ = {isa = PBXBuildFile; fileRef = EEE464A312CA041D0F89F13D /* Pods_bsuser_bsuserUITests.framework */; };
		9F7451B77ED2DC48309A9CC6 /* Pods_bsuserTests.framework in Frameworks */ = {isa = PBXBuildFile; fileRef = 449F25DE130B649638FE2A62 /* Pods_bsuserTests.framework */; };
/* End PBXBuildFile section */

/* Begin PBXContainerItemProxy section */
		64CE1B2B2531ACFB00A194E3 /* PBXContainerItemProxy */ = {
			isa = PBXContainerItemProxy;
			containerPortal = 64CE1B0C2531ACF900A194E3 /* Project object */;
			proxyType = 1;
			remoteGlobalIDString = 64CE1B132531ACF900A194E3;
			remoteInfo = bsuser;
		};
		64CE1B362531ACFB00A194E3 /* PBXContainerItemProxy */ = {
			isa = PBXContainerItemProxy;
			containerPortal = 64CE1B0C2531ACF900A194E3 /* Project object */;
			proxyType = 1;
			remoteGlobalIDString = 64CE1B132531ACF900A194E3;
			remoteInfo = bsuser;
		};
/* End PBXContainerItemProxy section */

/* Begin PBXFileReference section */
		3FB205EB3D496EB744764715 /* Pods-bsuser-bsuserUITests.debug.xcconfig */ = {isa = PBXFileReference; includeInIndex = 1; lastKnownFileType = text.xcconfig; name = "Pods-bsuser-bsuserUITests.debug.xcconfig"; path = "Target Support Files/Pods-bsuser-bsuserUITests/Pods-bsuser-bsuserUITests.debug.xcconfig"; sourceTree = "<group>"; };
		449F25DE130B649638FE2A62 /* Pods_bsuserTests.framework */ = {isa = PBXFileReference; explicitFileType = wrapper.framework; includeInIndex = 0; path = Pods_bsuserTests.framework; sourceTree = BUILT_PRODUCTS_DIR; };
		5FD6E2F2BA67D01B29219162 /* Pods-bsuser-bsuserUITests.release.xcconfig */ = {isa = PBXFileReference; includeInIndex = 1; lastKnownFileType = text.xcconfig; name = "Pods-bsuser-bsuserUITests.release.xcconfig"; path = "Target Support Files/Pods-bsuser-bsuserUITests/Pods-bsuser-bsuserUITests.release.xcconfig"; sourceTree = "<group>"; };
		644B6C5B2535FF3400F7FE32 /* EditPersonalInfoController.swift */ = {isa = PBXFileReference; lastKnownFileType = sourcecode.swift; path = EditPersonalInfoController.swift; sourceTree = "<group>"; };
		644B6C782536129F00F7FE32 /* EditPersonalInfoCell.swift */ = {isa = PBXFileReference; lastKnownFileType = sourcecode.swift; path = EditPersonalInfoCell.swift; sourceTree = "<group>"; };
		644B6C7D253612B200F7FE32 /* EditPersonalInfoHeaderView.swift */ = {isa = PBXFileReference; lastKnownFileType = sourcecode.swift; path = EditPersonalInfoHeaderView.swift; sourceTree = "<group>"; };
		6476F65C25355B2E00879CC1 /* FilterCell.swift */ = {isa = PBXFileReference; lastKnownFileType = sourcecode.swift; path = FilterCell.swift; sourceTree = "<group>"; };
		6476F6672535700F00879CC1 /* User.swift */ = {isa = PBXFileReference; lastKnownFileType = sourcecode.swift; path = User.swift; sourceTree = "<group>"; };
		6476F66F2535701300879CC1 /* Book.swift */ = {isa = PBXFileReference; lastKnownFileType = sourcecode.swift; path = Book.swift; sourceTree = "<group>"; };
		6476F69C2535706400879CC1 /* HTTPRequester.swift */ = {isa = PBXFileReference; lastKnownFileType = sourcecode.swift; path = HTTPRequester.swift; sourceTree = "<group>"; };
		647C777D2532325B0034159E /* TextfieldShadow.swift */ = {isa = PBXFileReference; lastKnownFileType = sourcecode.swift; path = TextfieldShadow.swift; sourceTree = "<group>"; };
		647C77822532330F0034159E /* iBooksButton.swift */ = {isa = PBXFileReference; lastKnownFileType = sourcecode.swift; path = iBooksButton.swift; sourceTree = "<group>"; };
		647C778F2532B3980034159E /* AppSetting.swift */ = {isa = PBXFileReference; lastKnownFileType = sourcecode.swift; path = AppSetting.swift; sourceTree = "<group>"; };
		647C77972532B5E10034159E /* LoginViewController.swift */ = {isa = PBXFileReference; lastKnownFileType = sourcecode.swift; path = LoginViewController.swift; sourceTree = "<group>"; };
		647C77A02532BF970034159E /* Home.storyboard */ = {isa = PBXFileReference; lastKnownFileType = file.storyboard; path = Home.storyboard; sourceTree = "<group>"; };
		647C77A52532BFA10034159E /* HomeViewController.swift */ = {isa = PBXFileReference; lastKnownFileType = sourcecode.swift; path = HomeViewController.swift; sourceTree = "<group>"; };
		647C77AA2532BFC60034159E /* SearchGradientView.swift */ = {isa = PBXFileReference; lastKnownFileType = sourcecode.swift; path = SearchGradientView.swift; sourceTree = "<group>"; };
		647C77C72532C4070034159E /* MainTabBarController.swift */ = {isa = PBXFileReference; lastKnownFileType = sourcecode.swift; path = MainTabBarController.swift; sourceTree = "<group>"; };
		647C77D22532C7650034159E /* Main.storyboard */ = {isa = PBXFileReference; lastKnownFileType = file.storyboard; path = Main.storyboard; sourceTree = "<group>"; };
		647C77F22532F50A0034159E /* LocationTopView.swift */ = {isa = PBXFileReference; lastKnownFileType = sourcecode.swift; path = LocationTopView.swift; sourceTree = "<group>"; };
		647C77FA2532FB270034159E /* iBooksSearchTextField.swift */ = {isa = PBXFileReference; lastKnownFileType = sourcecode.swift; path = iBooksSearchTextField.swift; sourceTree = "<group>"; };
		64AD6EAF25343D2A008D4EF6 /* CategoryViewController.swift */ = {isa = PBXFileReference; lastKnownFileType = sourcecode.swift; path = CategoryViewController.swift; sourceTree = "<group>"; };
		64AD6EB425343FB0008D4EF6 /* Category.storyboard */ = {isa = PBXFileReference; lastKnownFileType = file.storyboard; path = Category.storyboard; sourceTree = "<group>"; };
		64AD6EBC253447D8008D4EF6 /* CategoryCell.swift */ = {isa = PBXFileReference; lastKnownFileType = sourcecode.swift; path = CategoryCell.swift; sourceTree = "<group>"; };
		64AD6EC22534559F008D4EF6 /* SearchViewController.swift */ = {isa = PBXFileReference; lastKnownFileType = sourcecode.swift; path = SearchViewController.swift; sourceTree = "<group>"; };
		64AD6ECA25345614008D4EF6 /* SearchCell.swift */ = {isa = PBXFileReference; lastKnownFileType = sourcecode.swift; path = SearchCell.swift; sourceTree = "<group>"; };
		64AD6ED4253476E6008D4EF6 /* Search.storyboard */ = {isa = PBXFileReference; lastKnownFileType = file.storyboard; path = Search.storyboard; sourceTree = "<group>"; };
		64CE1B142531ACF900A194E3 /* bsuser.app */ = {isa = PBXFileReference; explicitFileType = wrapper.application; includeInIndex = 0; path = bsuser.app; sourceTree = BUILT_PRODUCTS_DIR; };
		64CE1B172531ACF900A194E3 /* AppDelegate.swift */ = {isa = PBXFileReference; lastKnownFileType = sourcecode.swift; path = AppDelegate.swift; sourceTree = "<group>"; };
		64CE1B192531ACF900A194E3 /* SceneDelegate.swift */ = {isa = PBXFileReference; lastKnownFileType = sourcecode.swift; path = SceneDelegate.swift; sourceTree = "<group>"; };
		64CE1B1B2531ACF900A194E3 /* SignUpViewController.swift */ = {isa = PBXFileReference; lastKnownFileType = sourcecode.swift; path = SignUpViewController.swift; sourceTree = "<group>"; };
		64CE1B1E2531ACF900A194E3 /* Base */ = {isa = PBXFileReference; lastKnownFileType = file.storyboard; name = Base; path = Base.lproj/Registration.storyboard; sourceTree = "<group>"; };
		64CE1B202531ACFB00A194E3 /* Assets.xcassets */ = {isa = PBXFileReference; lastKnownFileType = folder.assetcatalog; path = Assets.xcassets; sourceTree = "<group>"; };
		64CE1B232531ACFB00A194E3 /* Base */ = {isa = PBXFileReference; lastKnownFileType = file.storyboard; name = Base; path = Base.lproj/LaunchScreen.storyboard; sourceTree = "<group>"; };
		64CE1B252531ACFB00A194E3 /* Info.plist */ = {isa = PBXFileReference; lastKnownFileType = text.plist.xml; path = Info.plist; sourceTree = "<group>"; };
		64CE1B2A2531ACFB00A194E3 /* bsuserTests.xctest */ = {isa = PBXFileReference; explicitFileType = wrapper.cfbundle; includeInIndex = 0; path = bsuserTests.xctest; sourceTree = BUILT_PRODUCTS_DIR; };
		64CE1B2E2531ACFB00A194E3 /* bsuserTests.swift */ = {isa = PBXFileReference; lastKnownFileType = sourcecode.swift; path = bsuserTests.swift; sourceTree = "<group>"; };
		64CE1B302531ACFB00A194E3 /* Info.plist */ = {isa = PBXFileReference; lastKnownFileType = text.plist.xml; path = Info.plist; sourceTree = "<group>"; };
		64CE1B352531ACFB00A194E3 /* bsuserUITests.xctest */ = {isa = PBXFileReference; explicitFileType = wrapper.cfbundle; includeInIndex = 0; path = bsuserUITests.xctest; sourceTree = BUILT_PRODUCTS_DIR; };
		64CE1B392531ACFB00A194E3 /* bsuserUITests.swift */ = {isa = PBXFileReference; lastKnownFileType = sourcecode.swift; path = bsuserUITests.swift; sourceTree = "<group>"; };
		64CE1B3B2531ACFB00A194E3 /* Info.plist */ = {isa = PBXFileReference; lastKnownFileType = text.plist.xml; path = Info.plist; sourceTree = "<group>"; };
		64CE1B4C2531AFD400A194E3 /* Extensions+UIColor.swift */ = {isa = PBXFileReference; lastKnownFileType = sourcecode.swift; path = "Extensions+UIColor.swift"; sourceTree = "<group>"; };
		64CE1B542531B08200A194E3 /* Extensions+UILabel.swift */ = {isa = PBXFileReference; fileEncoding = 4; lastKnownFileType = sourcecode.swift; path = "Extensions+UILabel.swift"; sourceTree = "<group>"; };
		64CE1B552531B08200A194E3 /* Extensions+UIView.swift */ = {isa = PBXFileReference; fileEncoding = 4; lastKnownFileType = sourcecode.swift; path = "Extensions+UIView.swift"; sourceTree = "<group>"; };
		64CE1B682531B19800A194E3 /* Styles.swift */ = {isa = PBXFileReference; lastKnownFileType = sourcecode.swift; path = Styles.swift; sourceTree = "<group>"; };
		64D5EA4825335362005788A3 /* ProfileTableViewController.swift */ = {isa = PBXFileReference; lastKnownFileType = sourcecode.swift; path = ProfileTableViewController.swift; sourceTree = "<group>"; };
		64D5EA5325335768005788A3 /* ProfileCell.xib */ = {isa = PBXFileReference; lastKnownFileType = file.xib; path = ProfileCell.xib; sourceTree = "<group>"; };
		64D5EA582533577C005788A3 /* ProfileCell.swift */ = {isa = PBXFileReference; lastKnownFileType = sourcecode.swift; path = ProfileCell.swift; sourceTree = "<group>"; };
		64D5EA5D25336385005788A3 /* ProfileHeaderView.swift */ = {isa = PBXFileReference; lastKnownFileType = sourcecode.swift; path = ProfileHeaderView.swift; sourceTree = "<group>"; };
		64D5EA62253363B2005788A3 /* LogoutCell.swift */ = {isa = PBXFileReference; lastKnownFileType = sourcecode.swift; path = LogoutCell.swift; sourceTree = "<group>"; };
		6F44A38AA91719D7D1E4DCDB /* Pods-bsuserTests.debug.xcconfig */ = {isa = PBXFileReference; includeInIndex = 1; lastKnownFileType = text.xcconfig; name = "Pods-bsuserTests.debug.xcconfig"; path = "Target Support Files/Pods-bsuserTests/Pods-bsuserTests.debug.xcconfig"; sourceTree = "<group>"; };
		7A3F56B4A98BB45000130560 /* Pods-bsuser.debug.xcconfig */ = {isa = PBXFileReference; includeInIndex = 1; lastKnownFileType = text.xcconfig; name = "Pods-bsuser.debug.xcconfig"; path = "Target Support Files/Pods-bsuser/Pods-bsuser.debug.xcconfig"; sourceTree = "<group>"; };
		85277D30116E9EA61B1F1C0B /* Pods_bsuser.framework */ = {isa = PBXFileReference; explicitFileType = wrapper.framework; includeInIndex = 0; path = Pods_bsuser.framework; sourceTree = BUILT_PRODUCTS_DIR; };
		B482B437B215EAF172983D6A /* Pods-bsuser.release.xcconfig */ = {isa = PBXFileReference; includeInIndex = 1; lastKnownFileType = text.xcconfig; name = "Pods-bsuser.release.xcconfig"; path = "Target Support Files/Pods-bsuser/Pods-bsuser.release.xcconfig"; sourceTree = "<group>"; };
		E103A51535D3F8803D7B6095 /* Pods-bsuserTests.release.xcconfig */ = {isa = PBXFileReference; includeInIndex = 1; lastKnownFileType = text.xcconfig; name = "Pods-bsuserTests.release.xcconfig"; path = "Target Support Files/Pods-bsuserTests/Pods-bsuserTests.release.xcconfig"; sourceTree = "<group>"; };
		EEE464A312CA041D0F89F13D /* Pods_bsuser_bsuserUITests.framework */ = {isa = PBXFileReference; explicitFileType = wrapper.framework; includeInIndex = 0; path = Pods_bsuser_bsuserUITests.framework; sourceTree = BUILT_PRODUCTS_DIR; };
/* End PBXFileReference section */

/* Begin PBXFrameworksBuildPhase section */
		64CE1B112531ACF900A194E3 /* Frameworks */ = {
			isa = PBXFrameworksBuildPhase;
			buildActionMask = 2147483647;
			files = (
				053F9435B6EC70E6ECE1BBF9 /* Pods_bsuser.framework in Frameworks */,
			);
			runOnlyForDeploymentPostprocessing = 0;
		};
		64CE1B272531ACFB00A194E3 /* Frameworks */ = {
			isa = PBXFrameworksBuildPhase;
			buildActionMask = 2147483647;
			files = (
				9F7451B77ED2DC48309A9CC6 /* Pods_bsuserTests.framework in Frameworks */,
			);
			runOnlyForDeploymentPostprocessing = 0;
		};
		64CE1B322531ACFB00A194E3 /* Frameworks */ = {
			isa = PBXFrameworksBuildPhase;
			buildActionMask = 2147483647;
			files = (
				68DACAA8287F62A95FF2D493 /* Pods_bsuser_bsuserUITests.framework in Frameworks */,
			);
			runOnlyForDeploymentPostprocessing = 0;
		};
/* End PBXFrameworksBuildPhase section */

/* Begin PBXGroup section */
		48A4D23456F1EE4D3B0A6F49 /* Pods */ = {
			isa = PBXGroup;
			children = (
				7A3F56B4A98BB45000130560 /* Pods-bsuser.debug.xcconfig */,
				B482B437B215EAF172983D6A /* Pods-bsuser.release.xcconfig */,
				3FB205EB3D496EB744764715 /* Pods-bsuser-bsuserUITests.debug.xcconfig */,
				5FD6E2F2BA67D01B29219162 /* Pods-bsuser-bsuserUITests.release.xcconfig */,
				6F44A38AA91719D7D1E4DCDB /* Pods-bsuserTests.debug.xcconfig */,
				E103A51535D3F8803D7B6095 /* Pods-bsuserTests.release.xcconfig */,
			);
			path = Pods;
			sourceTree = "<group>";
		};
		6476F66625356F7700879CC1 /* Models */ = {
			isa = PBXGroup;
			children = (
				6476F6672535700F00879CC1 /* User.swift */,
				6476F66F2535701300879CC1 /* Book.swift */,
			);
			path = Models;
			sourceTree = "<group>";
		};
		6476F6782535704200879CC1 /* Networking */ = {
			isa = PBXGroup;
			children = (
				6476F69C2535706400879CC1 /* HTTPRequester.swift */,
			);
			path = Networking;
			sourceTree = "<group>";
		};
		647C778725323C4A0034159E /* Registration */ = {
			isa = PBXGroup;
			children = (
				64CE1B1D2531ACF900A194E3 /* Registration.storyboard */,
				647C77972532B5E10034159E /* LoginViewController.swift */,
				64CE1B1B2531ACF900A194E3 /* SignUpViewController.swift */,
			);
			path = Registration;
			sourceTree = "<group>";
		};
		647C778825323C5B0034159E /* Systems */ = {
			isa = PBXGroup;
			children = (
				64CE1B172531ACF900A194E3 /* AppDelegate.swift */,
				64CE1B192531ACF900A194E3 /* SceneDelegate.swift */,
				647C778F2532B3980034159E /* AppSetting.swift */,
			);
			path = Systems;
			sourceTree = "<group>";
		};
		647C779F2532BF480034159E /* Home */ = {
			isa = PBXGroup;
			children = (
				647C77A02532BF970034159E /* Home.storyboard */,
				647C77A52532BFA10034159E /* HomeViewController.swift */,
			);
			path = Home;
			sourceTree = "<group>";
		};
		647C77C62532C3EC0034159E /* View Controllers */ = {
			isa = PBXGroup;
			children = (
				647C77C72532C4070034159E /* MainTabBarController.swift */,
			);
			path = "View Controllers";
			sourceTree = "<group>";
		};
		647C77D72532C7870034159E /* Category */ = {
			isa = PBXGroup;
			children = (
				64AD6EAF25343D2A008D4EF6 /* CategoryViewController.swift */,
				64AD6EBC253447D8008D4EF6 /* CategoryCell.swift */,
				64AD6EB425343FB0008D4EF6 /* Category.storyboard */,
			);
			path = Category;
			sourceTree = "<group>";
		};
		647C77D82532C78C0034159E /* Cart */ = {
			isa = PBXGroup;
			children = (
			);
			path = Cart;
			sourceTree = "<group>";
		};
		647C77D92532C7940034159E /* Profile */ = {
			isa = PBXGroup;
			children = (
				64D5EA4825335362005788A3 /* ProfileTableViewController.swift */,
				644B6C5B2535FF3400F7FE32 /* EditPersonalInfoController.swift */,
				644B6C7D253612B200F7FE32 /* EditPersonalInfoHeaderView.swift */,
				644B6C782536129F00F7FE32 /* EditPersonalInfoCell.swift */,
				64D5EA5D25336385005788A3 /* ProfileHeaderView.swift */,
				64D5EA62253363B2005788A3 /* LogoutCell.swift */,
				64D5EA5325335768005788A3 /* ProfileCell.xib */,
				64D5EA582533577C005788A3 /* ProfileCell.swift */,
			);
			path = Profile;
			sourceTree = "<group>";
		};
		64AD6EC125345577008D4EF6 /* Search */ = {
			isa = PBXGroup;
			children = (
				64AD6EC22534559F008D4EF6 /* SearchViewController.swift */,
				64AD6ED4253476E6008D4EF6 /* Search.storyboard */,
				6476F65C25355B2E00879CC1 /* FilterCell.swift */,
				64AD6ECA25345614008D4EF6 /* SearchCell.swift */,
			);
			path = Search;
			sourceTree = "<group>";
		};
		64CE1B0B2531ACF900A194E3 = {
			isa = PBXGroup;
			children = (
				64CE1B162531ACF900A194E3 /* Classes */,
				64CE1B5E2531B0A900A194E3 /* Resources */,
				64CE1B2D2531ACFB00A194E3 /* bsuserTests */,
				64CE1B382531ACFB00A194E3 /* bsuserUITests */,
				64CE1B152531ACF900A194E3 /* Products */,
				48A4D23456F1EE4D3B0A6F49 /* Pods */,
				6D44DD173F0EB3337CEE7CF3 /* Frameworks */,
			);
			sourceTree = "<group>";
		};
		64CE1B152531ACF900A194E3 /* Products */ = {
			isa = PBXGroup;
			children = (
				64CE1B142531ACF900A194E3 /* bsuser.app */,
				64CE1B2A2531ACFB00A194E3 /* bsuserTests.xctest */,
				64CE1B352531ACFB00A194E3 /* bsuserUITests.xctest */,
			);
			name = Products;
			sourceTree = "<group>";
		};
		64CE1B162531ACF900A194E3 /* Classes */ = {
			isa = PBXGroup;
			children = (
				6476F6782535704200879CC1 /* Networking */,
				6476F66625356F7700879CC1 /* Models */,
				64AD6EC125345577008D4EF6 /* Search */,
				647C77D92532C7940034159E /* Profile */,
				647C77D82532C78C0034159E /* Cart */,
				647C77D72532C7870034159E /* Category */,
				647C77C62532C3EC0034159E /* View Controllers */,
				647C779F2532BF480034159E /* Home */,
				647C778825323C5B0034159E /* Systems */,
				647C778725323C4A0034159E /* Registration */,
				64CE1B4B2531AF8400A194E3 /* Utils */,
				64CE1B4A2531AD8D00A194E3 /* Views */,
			);
			path = Classes;
			sourceTree = "<group>";
		};
		64CE1B2D2531ACFB00A194E3 /* bsuserTests */ = {
			isa = PBXGroup;
			children = (
				64CE1B2E2531ACFB00A194E3 /* bsuserTests.swift */,
				64CE1B302531ACFB00A194E3 /* Info.plist */,
			);
			path = bsuserTests;
			sourceTree = "<group>";
		};
		64CE1B382531ACFB00A194E3 /* bsuserUITests */ = {
			isa = PBXGroup;
			children = (
				64CE1B392531ACFB00A194E3 /* bsuserUITests.swift */,
				64CE1B3B2531ACFB00A194E3 /* Info.plist */,
			);
			path = bsuserUITests;
			sourceTree = "<group>";
		};
		64CE1B4A2531AD8D00A194E3 /* Views */ = {
			isa = PBXGroup;
			children = (
				64CE1B682531B19800A194E3 /* Styles.swift */,
				647C777D2532325B0034159E /* TextfieldShadow.swift */,
				647C77822532330F0034159E /* iBooksButton.swift */,
				647C77AA2532BFC60034159E /* SearchGradientView.swift */,
				647C77FA2532FB270034159E /* iBooksSearchTextField.swift */,
				647C77F22532F50A0034159E /* LocationTopView.swift */,
			);
			name = Views;
			sourceTree = "<group>";
		};
		64CE1B4B2531AF8400A194E3 /* Utils */ = {
			isa = PBXGroup;
			children = (
				64CE1B4C2531AFD400A194E3 /* Extensions+UIColor.swift */,
				64CE1B542531B08200A194E3 /* Extensions+UILabel.swift */,
				64CE1B552531B08200A194E3 /* Extensions+UIView.swift */,
			);
			name = Utils;
			sourceTree = "<group>";
		};
		64CE1B5E2531B0A900A194E3 /* Resources */ = {
			isa = PBXGroup;
			children = (
				64CE1B202531ACFB00A194E3 /* Assets.xcassets */,
				64CE1B252531ACFB00A194E3 /* Info.plist */,
				64CE1B222531ACFB00A194E3 /* LaunchScreen.storyboard */,
				647C77D22532C7650034159E /* Main.storyboard */,
			);
			path = Resources;
			sourceTree = "<group>";
		};
		6D44DD173F0EB3337CEE7CF3 /* Frameworks */ = {
			isa = PBXGroup;
			children = (
				85277D30116E9EA61B1F1C0B /* Pods_bsuser.framework */,
				EEE464A312CA041D0F89F13D /* Pods_bsuser_bsuserUITests.framework */,
				449F25DE130B649638FE2A62 /* Pods_bsuserTests.framework */,
			);
			name = Frameworks;
			sourceTree = "<group>";
		};
/* End PBXGroup section */

/* Begin PBXNativeTarget section */
		64CE1B132531ACF900A194E3 /* bsuser */ = {
			isa = PBXNativeTarget;
			buildConfigurationList = 64CE1B3E2531ACFB00A194E3 /* Build configuration list for PBXNativeTarget "bsuser" */;
			buildPhases = (
				373C6385DEAF9A8907C6B233 /* [CP] Check Pods Manifest.lock */,
				64CE1B102531ACF900A194E3 /* Sources */,
				64CE1B112531ACF900A194E3 /* Frameworks */,
				64CE1B122531ACF900A194E3 /* Resources */,
				05856D2C6A8D8559FF0CBC88 /* [CP] Embed Pods Frameworks */,
			);
			buildRules = (
			);
			dependencies = (
			);
			name = bsuser;
			productName = bsuser;
			productReference = 64CE1B142531ACF900A194E3 /* bsuser.app */;
			productType = "com.apple.product-type.application";
		};
		64CE1B292531ACFB00A194E3 /* bsuserTests */ = {
			isa = PBXNativeTarget;
			buildConfigurationList = 64CE1B412531ACFB00A194E3 /* Build configuration list for PBXNativeTarget "bsuserTests" */;
			buildPhases = (
				A93021E3FC19F7D845F3EF43 /* [CP] Check Pods Manifest.lock */,
				64CE1B262531ACFB00A194E3 /* Sources */,
				64CE1B272531ACFB00A194E3 /* Frameworks */,
				64CE1B282531ACFB00A194E3 /* Resources */,
			);
			buildRules = (
			);
			dependencies = (
				64CE1B2C2531ACFB00A194E3 /* PBXTargetDependency */,
			);
			name = bsuserTests;
			productName = bsuserTests;
			productReference = 64CE1B2A2531ACFB00A194E3 /* bsuserTests.xctest */;
			productType = "com.apple.product-type.bundle.unit-test";
		};
		64CE1B342531ACFB00A194E3 /* bsuserUITests */ = {
			isa = PBXNativeTarget;
			buildConfigurationList = 64CE1B442531ACFB00A194E3 /* Build configuration list for PBXNativeTarget "bsuserUITests" */;
			buildPhases = (
				1C1CB1ED41625F86A549B080 /* [CP] Check Pods Manifest.lock */,
				64CE1B312531ACFB00A194E3 /* Sources */,
				64CE1B322531ACFB00A194E3 /* Frameworks */,
				64CE1B332531ACFB00A194E3 /* Resources */,
				4D0B3892BAE94D0DA3C933E4 /* [CP] Embed Pods Frameworks */,
			);
			buildRules = (
			);
			dependencies = (
				64CE1B372531ACFB00A194E3 /* PBXTargetDependency */,
			);
			name = bsuserUITests;
			productName = bsuserUITests;
			productReference = 64CE1B352531ACFB00A194E3 /* bsuserUITests.xctest */;
			productType = "com.apple.product-type.bundle.ui-testing";
		};
/* End PBXNativeTarget section */

/* Begin PBXProject section */
		64CE1B0C2531ACF900A194E3 /* Project object */ = {
			isa = PBXProject;
			attributes = {
				LastSwiftUpdateCheck = 1200;
				LastUpgradeCheck = 1200;
				TargetAttributes = {
					64CE1B132531ACF900A194E3 = {
						CreatedOnToolsVersion = 12.0.1;
					};
					64CE1B292531ACFB00A194E3 = {
						CreatedOnToolsVersion = 12.0.1;
						TestTargetID = 64CE1B132531ACF900A194E3;
					};
					64CE1B342531ACFB00A194E3 = {
						CreatedOnToolsVersion = 12.0.1;
						TestTargetID = 64CE1B132531ACF900A194E3;
					};
				};
			};
			buildConfigurationList = 64CE1B0F2531ACF900A194E3 /* Build configuration list for PBXProject "bsuser" */;
			compatibilityVersion = "Xcode 9.3";
			developmentRegion = en;
			hasScannedForEncodings = 0;
			knownRegions = (
				en,
				Base,
			);
			mainGroup = 64CE1B0B2531ACF900A194E3;
			productRefGroup = 64CE1B152531ACF900A194E3 /* Products */;
			projectDirPath = "";
			projectRoot = "";
			targets = (
				64CE1B132531ACF900A194E3 /* bsuser */,
				64CE1B292531ACFB00A194E3 /* bsuserTests */,
				64CE1B342531ACFB00A194E3 /* bsuserUITests */,
			);
		};
/* End PBXProject section */

/* Begin PBXResourcesBuildPhase section */
		64CE1B122531ACF900A194E3 /* Resources */ = {
			isa = PBXResourcesBuildPhase;
			buildActionMask = 2147483647;
			files = (
				64CE1B242531ACFB00A194E3 /* LaunchScreen.storyboard in Resources */,
				647C77D32532C7650034159E /* Main.storyboard in Resources */,
				64CE1B212531ACFB00A194E3 /* Assets.xcassets in Resources */,
				64AD6EB525343FB0008D4EF6 /* Category.storyboard in Resources */,
				64AD6ED5253476E6008D4EF6 /* Search.storyboard in Resources */,
				64D5EA5425335768005788A3 /* ProfileCell.xib in Resources */,
				64CE1B1F2531ACF900A194E3 /* Registration.storyboard in Resources */,
				647C77A12532BF970034159E /* Home.storyboard in Resources */,
			);
			runOnlyForDeploymentPostprocessing = 0;
		};
		64CE1B282531ACFB00A194E3 /* Resources */ = {
			isa = PBXResourcesBuildPhase;
			buildActionMask = 2147483647;
			files = (
			);
			runOnlyForDeploymentPostprocessing = 0;
		};
		64CE1B332531ACFB00A194E3 /* Resources */ = {
			isa = PBXResourcesBuildPhase;
			buildActionMask = 2147483647;
			files = (
			);
			runOnlyForDeploymentPostprocessing = 0;
		};
/* End PBXResourcesBuildPhase section */

/* Begin PBXShellScriptBuildPhase section */
		05856D2C6A8D8559FF0CBC88 /* [CP] Embed Pods Frameworks */ = {
			isa = PBXShellScriptBuildPhase;
			buildActionMask = 2147483647;
			files = (
			);
			inputFileListPaths = (
				"${PODS_ROOT}/Target Support Files/Pods-bsuser/Pods-bsuser-frameworks-${CONFIGURATION}-input-files.xcfilelist",
			);
			name = "[CP] Embed Pods Frameworks";
			outputFileListPaths = (
				"${PODS_ROOT}/Target Support Files/Pods-bsuser/Pods-bsuser-frameworks-${CONFIGURATION}-output-files.xcfilelist",
			);
			runOnlyForDeploymentPostprocessing = 0;
			shellPath = /bin/sh;
			shellScript = "\"${PODS_ROOT}/Target Support Files/Pods-bsuser/Pods-bsuser-frameworks.sh\"\n";
			showEnvVarsInLog = 0;
		};
		1C1CB1ED41625F86A549B080 /* [CP] Check Pods Manifest.lock */ = {
			isa = PBXShellScriptBuildPhase;
			buildActionMask = 2147483647;
			files = (
			);
			inputFileListPaths = (
			);
			inputPaths = (
				"${PODS_PODFILE_DIR_PATH}/Podfile.lock",
				"${PODS_ROOT}/Manifest.lock",
			);
			name = "[CP] Check Pods Manifest.lock";
			outputFileListPaths = (
			);
			outputPaths = (
				"$(DERIVED_FILE_DIR)/Pods-bsuser-bsuserUITests-checkManifestLockResult.txt",
			);
			runOnlyForDeploymentPostprocessing = 0;
			shellPath = /bin/sh;
			shellScript = "diff \"${PODS_PODFILE_DIR_PATH}/Podfile.lock\" \"${PODS_ROOT}/Manifest.lock\" > /dev/null\nif [ $? != 0 ] ; then\n    # print error to STDERR\n    echo \"error: The sandbox is not in sync with the Podfile.lock. Run 'pod install' or update your CocoaPods installation.\" >&2\n    exit 1\nfi\n# This output is used by Xcode 'outputs' to avoid re-running this script phase.\necho \"SUCCESS\" > \"${SCRIPT_OUTPUT_FILE_0}\"\n";
			showEnvVarsInLog = 0;
		};
		373C6385DEAF9A8907C6B233 /* [CP] Check Pods Manifest.lock */ = {
			isa = PBXShellScriptBuildPhase;
			buildActionMask = 2147483647;
			files = (
			);
			inputFileListPaths = (
			);
			inputPaths = (
				"${PODS_PODFILE_DIR_PATH}/Podfile.lock",
				"${PODS_ROOT}/Manifest.lock",
			);
			name = "[CP] Check Pods Manifest.lock";
			outputFileListPaths = (
			);
			outputPaths = (
				"$(DERIVED_FILE_DIR)/Pods-bsuser-checkManifestLockResult.txt",
			);
			runOnlyForDeploymentPostprocessing = 0;
			shellPath = /bin/sh;
			shellScript = "diff \"${PODS_PODFILE_DIR_PATH}/Podfile.lock\" \"${PODS_ROOT}/Manifest.lock\" > /dev/null\nif [ $? != 0 ] ; then\n    # print error to STDERR\n    echo \"error: The sandbox is not in sync with the Podfile.lock. Run 'pod install' or update your CocoaPods installation.\" >&2\n    exit 1\nfi\n# This output is used by Xcode 'outputs' to avoid re-running this script phase.\necho \"SUCCESS\" > \"${SCRIPT_OUTPUT_FILE_0}\"\n";
			showEnvVarsInLog = 0;
		};
		4D0B3892BAE94D0DA3C933E4 /* [CP] Embed Pods Frameworks */ = {
			isa = PBXShellScriptBuildPhase;
			buildActionMask = 2147483647;
			files = (
			);
			inputFileListPaths = (
				"${PODS_ROOT}/Target Support Files/Pods-bsuser-bsuserUITests/Pods-bsuser-bsuserUITests-frameworks-${CONFIGURATION}-input-files.xcfilelist",
			);
			name = "[CP] Embed Pods Frameworks";
			outputFileListPaths = (
				"${PODS_ROOT}/Target Support Files/Pods-bsuser-bsuserUITests/Pods-bsuser-bsuserUITests-frameworks-${CONFIGURATION}-output-files.xcfilelist",
			);
			runOnlyForDeploymentPostprocessing = 0;
			shellPath = /bin/sh;
			shellScript = "\"${PODS_ROOT}/Target Support Files/Pods-bsuser-bsuserUITests/Pods-bsuser-bsuserUITests-frameworks.sh\"\n";
			showEnvVarsInLog = 0;
		};
		A93021E3FC19F7D845F3EF43 /* [CP] Check Pods Manifest.lock */ = {
			isa = PBXShellScriptBuildPhase;
			buildActionMask = 2147483647;
			files = (
			);
			inputFileListPaths = (
			);
			inputPaths = (
				"${PODS_PODFILE_DIR_PATH}/Podfile.lock",
				"${PODS_ROOT}/Manifest.lock",
			);
			name = "[CP] Check Pods Manifest.lock";
			outputFileListPaths = (
			);
			outputPaths = (
				"$(DERIVED_FILE_DIR)/Pods-bsuserTests-checkManifestLockResult.txt",
			);
			runOnlyForDeploymentPostprocessing = 0;
			shellPath = /bin/sh;
			shellScript = "diff \"${PODS_PODFILE_DIR_PATH}/Podfile.lock\" \"${PODS_ROOT}/Manifest.lock\" > /dev/null\nif [ $? != 0 ] ; then\n    # print error to STDERR\n    echo \"error: The sandbox is not in sync with the Podfile.lock. Run 'pod install' or update your CocoaPods installation.\" >&2\n    exit 1\nfi\n# This output is used by Xcode 'outputs' to avoid re-running this script phase.\necho \"SUCCESS\" > \"${SCRIPT_OUTPUT_FILE_0}\"\n";
			showEnvVarsInLog = 0;
		};
/* End PBXShellScriptBuildPhase section */

/* Begin PBXSourcesBuildPhase section */
		64CE1B102531ACF900A194E3 /* Sources */ = {
			isa = PBXSourcesBuildPhase;
			buildActionMask = 2147483647;
			files = (
				6476F6682535700F00879CC1 /* User.swift in Sources */,
				647C77902532B3980034159E /* AppSetting.swift in Sources */,
				64AD6ECB25345614008D4EF6 /* SearchCell.swift in Sources */,
				64CE1B1C2531ACF900A194E3 /* SignUpViewController.swift in Sources */,
				647C77F32532F50A0034159E /* LocationTopView.swift in Sources */,
				64CE1B692531B19800A194E3 /* Styles.swift in Sources */,
				644B6C5C2535FF3400F7FE32 /* EditPersonalInfoController.swift in Sources */,
				644B6C792536129F00F7FE32 /* EditPersonalInfoCell.swift in Sources */,
				6476F6702535701300879CC1 /* Book.swift in Sources */,
				6476F65D25355B2E00879CC1 /* FilterCell.swift in Sources */,
				64CE1B562531B08200A194E3 /* Extensions+UILabel.swift in Sources */,
				64CE1B572531B08200A194E3 /* Extensions+UIView.swift in Sources */,
				6476F69D2535706400879CC1 /* HTTPRequester.swift in Sources */,
				64CE1B182531ACF900A194E3 /* AppDelegate.swift in Sources */,
				644B6C7E253612B200F7FE32 /* EditPersonalInfoHeaderView.swift in Sources */,
				64D5EA4925335362005788A3 /* ProfileTableViewController.swift in Sources */,
				64CE1B1A2531ACF900A194E3 /* SceneDelegate.swift in Sources */,
				64CE1B4D2531AFD400A194E3 /* Extensions+UIColor.swift in Sources */,
				64D5EA5E25336385005788A3 /* ProfileHeaderView.swift in Sources */,
				647C777E2532325B0034159E /* TextfieldShadow.swift in Sources */,
				647C77832532330F0034159E /* iBooksButton.swift in Sources */,
				64AD6EC32534559F008D4EF6 /* SearchViewController.swift in Sources */,
				64D5EA63253363B2005788A3 /* LogoutCell.swift in Sources */,
				64AD6EB025343D2A008D4EF6 /* CategoryViewController.swift in Sources */,
				647C77C82532C4070034159E /* MainTabBarController.swift in Sources */,
				647C77FB2532FB270034159E /* iBooksSearchTextField.swift in Sources */,
				647C77AB2532BFC60034159E /* SearchGradientView.swift in Sources */,
				64D5EA592533577C005788A3 /* ProfileCell.swift in Sources */,
				647C77982532B5E10034159E /* LoginViewController.swift in Sources */,
				647C77A62532BFA10034159E /* HomeViewController.swift in Sources */,
				64AD6EBD253447D8008D4EF6 /* CategoryCell.swift in Sources */,
			);
			runOnlyForDeploymentPostprocessing = 0;
		};
		64CE1B262531ACFB00A194E3 /* Sources */ = {
			isa = PBXSourcesBuildPhase;
			buildActionMask = 2147483647;
			files = (
				64CE1B2F2531ACFB00A194E3 /* bsuserTests.swift in Sources */,
			);
			runOnlyForDeploymentPostprocessing = 0;
		};
		64CE1B312531ACFB00A194E3 /* Sources */ = {
			isa = PBXSourcesBuildPhase;
			buildActionMask = 2147483647;
			files = (
				64CE1B3A2531ACFB00A194E3 /* bsuserUITests.swift in Sources */,
			);
			runOnlyForDeploymentPostprocessing = 0;
		};
/* End PBXSourcesBuildPhase section */

/* Begin PBXTargetDependency section */
		64CE1B2C2531ACFB00A194E3 /* PBXTargetDependency */ = {
			isa = PBXTargetDependency;
			target = 64CE1B132531ACF900A194E3 /* bsuser */;
			targetProxy = 64CE1B2B2531ACFB00A194E3 /* PBXContainerItemProxy */;
		};
		64CE1B372531ACFB00A194E3 /* PBXTargetDependency */ = {
			isa = PBXTargetDependency;
			target = 64CE1B132531ACF900A194E3 /* bsuser */;
			targetProxy = 64CE1B362531ACFB00A194E3 /* PBXContainerItemProxy */;
		};
/* End PBXTargetDependency section */

/* Begin PBXVariantGroup section */
		64CE1B1D2531ACF900A194E3 /* Registration.storyboard */ = {
			isa = PBXVariantGroup;
			children = (
				64CE1B1E2531ACF900A194E3 /* Base */,
			);
			name = Registration.storyboard;
			sourceTree = "<group>";
		};
		64CE1B222531ACFB00A194E3 /* LaunchScreen.storyboard */ = {
			isa = PBXVariantGroup;
			children = (
				64CE1B232531ACFB00A194E3 /* Base */,
			);
			name = LaunchScreen.storyboard;
			sourceTree = "<group>";
		};
/* End PBXVariantGroup section */

/* Begin XCBuildConfiguration section */
		64CE1B3C2531ACFB00A194E3 /* Debug */ = {
			isa = XCBuildConfiguration;
			buildSettings = {
				ALWAYS_SEARCH_USER_PATHS = NO;
				CLANG_ANALYZER_NONNULL = YES;
				CLANG_ANALYZER_NUMBER_OBJECT_CONVERSION = YES_AGGRESSIVE;
				CLANG_CXX_LANGUAGE_STANDARD = "gnu++14";
				CLANG_CXX_LIBRARY = "libc++";
				CLANG_ENABLE_MODULES = YES;
				CLANG_ENABLE_OBJC_ARC = YES;
				CLANG_ENABLE_OBJC_WEAK = YES;
				CLANG_WARN_BLOCK_CAPTURE_AUTORELEASING = YES;
				CLANG_WARN_BOOL_CONVERSION = YES;
				CLANG_WARN_COMMA = YES;
				CLANG_WARN_CONSTANT_CONVERSION = YES;
				CLANG_WARN_DEPRECATED_OBJC_IMPLEMENTATIONS = YES;
				CLANG_WARN_DIRECT_OBJC_ISA_USAGE = YES_ERROR;
				CLANG_WARN_DOCUMENTATION_COMMENTS = YES;
				CLANG_WARN_EMPTY_BODY = YES;
				CLANG_WARN_ENUM_CONVERSION = YES;
				CLANG_WARN_INFINITE_RECURSION = YES;
				CLANG_WARN_INT_CONVERSION = YES;
				CLANG_WARN_NON_LITERAL_NULL_CONVERSION = YES;
				CLANG_WARN_OBJC_IMPLICIT_RETAIN_SELF = YES;
				CLANG_WARN_OBJC_LITERAL_CONVERSION = YES;
				CLANG_WARN_OBJC_ROOT_CLASS = YES_ERROR;
				CLANG_WARN_QUOTED_INCLUDE_IN_FRAMEWORK_HEADER = YES;
				CLANG_WARN_RANGE_LOOP_ANALYSIS = YES;
				CLANG_WARN_STRICT_PROTOTYPES = YES;
				CLANG_WARN_SUSPICIOUS_MOVE = YES;
				CLANG_WARN_UNGUARDED_AVAILABILITY = YES_AGGRESSIVE;
				CLANG_WARN_UNREACHABLE_CODE = YES;
				CLANG_WARN__DUPLICATE_METHOD_MATCH = YES;
				COPY_PHASE_STRIP = NO;
				DEBUG_INFORMATION_FORMAT = dwarf;
				ENABLE_STRICT_OBJC_MSGSEND = YES;
				ENABLE_TESTABILITY = YES;
				GCC_C_LANGUAGE_STANDARD = gnu11;
				GCC_DYNAMIC_NO_PIC = NO;
				GCC_NO_COMMON_BLOCKS = YES;
				GCC_OPTIMIZATION_LEVEL = 0;
				GCC_PREPROCESSOR_DEFINITIONS = (
					"DEBUG=1",
					"$(inherited)",
				);
				GCC_WARN_64_TO_32_BIT_CONVERSION = YES;
				GCC_WARN_ABOUT_RETURN_TYPE = YES_ERROR;
				GCC_WARN_UNDECLARED_SELECTOR = YES;
				GCC_WARN_UNINITIALIZED_AUTOS = YES_AGGRESSIVE;
				GCC_WARN_UNUSED_FUNCTION = YES;
				GCC_WARN_UNUSED_VARIABLE = YES;
				IPHONEOS_DEPLOYMENT_TARGET = 14.0;
				MTL_ENABLE_DEBUG_INFO = INCLUDE_SOURCE;
				MTL_FAST_MATH = YES;
				ONLY_ACTIVE_ARCH = YES;
				SDKROOT = iphoneos;
				SWIFT_ACTIVE_COMPILATION_CONDITIONS = DEBUG;
				SWIFT_OPTIMIZATION_LEVEL = "-Onone";
			};
			name = Debug;
		};
		64CE1B3D2531ACFB00A194E3 /* Release */ = {
			isa = XCBuildConfiguration;
			buildSettings = {
				ALWAYS_SEARCH_USER_PATHS = NO;
				CLANG_ANALYZER_NONNULL = YES;
				CLANG_ANALYZER_NUMBER_OBJECT_CONVERSION = YES_AGGRESSIVE;
				CLANG_CXX_LANGUAGE_STANDARD = "gnu++14";
				CLANG_CXX_LIBRARY = "libc++";
				CLANG_ENABLE_MODULES = YES;
				CLANG_ENABLE_OBJC_ARC = YES;
				CLANG_ENABLE_OBJC_WEAK = YES;
				CLANG_WARN_BLOCK_CAPTURE_AUTORELEASING = YES;
				CLANG_WARN_BOOL_CONVERSION = YES;
				CLANG_WARN_COMMA = YES;
				CLANG_WARN_CONSTANT_CONVERSION = YES;
				CLANG_WARN_DEPRECATED_OBJC_IMPLEMENTATIONS = YES;
				CLANG_WARN_DIRECT_OBJC_ISA_USAGE = YES_ERROR;
				CLANG_WARN_DOCUMENTATION_COMMENTS = YES;
				CLANG_WARN_EMPTY_BODY = YES;
				CLANG_WARN_ENUM_CONVERSION = YES;
				CLANG_WARN_INFINITE_RECURSION = YES;
				CLANG_WARN_INT_CONVERSION = YES;
				CLANG_WARN_NON_LITERAL_NULL_CONVERSION = YES;
				CLANG_WARN_OBJC_IMPLICIT_RETAIN_SELF = YES;
				CLANG_WARN_OBJC_LITERAL_CONVERSION = YES;
				CLANG_WARN_OBJC_ROOT_CLASS = YES_ERROR;
				CLANG_WARN_QUOTED_INCLUDE_IN_FRAMEWORK_HEADER = YES;
				CLANG_WARN_RANGE_LOOP_ANALYSIS = YES;
				CLANG_WARN_STRICT_PROTOTYPES = YES;
				CLANG_WARN_SUSPICIOUS_MOVE = YES;
				CLANG_WARN_UNGUARDED_AVAILABILITY = YES_AGGRESSIVE;
				CLANG_WARN_UNREACHABLE_CODE = YES;
				CLANG_WARN__DUPLICATE_METHOD_MATCH = YES;
				COPY_PHASE_STRIP = NO;
				DEBUG_INFORMATION_FORMAT = "dwarf-with-dsym";
				ENABLE_NS_ASSERTIONS = NO;
				ENABLE_STRICT_OBJC_MSGSEND = YES;
				GCC_C_LANGUAGE_STANDARD = gnu11;
				GCC_NO_COMMON_BLOCKS = YES;
				GCC_WARN_64_TO_32_BIT_CONVERSION = YES;
				GCC_WARN_ABOUT_RETURN_TYPE = YES_ERROR;
				GCC_WARN_UNDECLARED_SELECTOR = YES;
				GCC_WARN_UNINITIALIZED_AUTOS = YES_AGGRESSIVE;
				GCC_WARN_UNUSED_FUNCTION = YES;
				GCC_WARN_UNUSED_VARIABLE = YES;
				IPHONEOS_DEPLOYMENT_TARGET = 14.0;
				MTL_ENABLE_DEBUG_INFO = NO;
				MTL_FAST_MATH = YES;
				SDKROOT = iphoneos;
				SWIFT_COMPILATION_MODE = wholemodule;
				SWIFT_OPTIMIZATION_LEVEL = "-O";
				VALIDATE_PRODUCT = YES;
			};
			name = Release;
		};
		64CE1B3F2531ACFB00A194E3 /* Debug */ = {
			isa = XCBuildConfiguration;
			baseConfigurationReference = 7A3F56B4A98BB45000130560 /* Pods-bsuser.debug.xcconfig */;
			buildSettings = {
				ASSETCATALOG_COMPILER_APPICON_NAME = AppIcon;
				ASSETCATALOG_COMPILER_GLOBAL_ACCENT_COLOR_NAME = AccentColor;
				CODE_SIGN_STYLE = Automatic;
				DEVELOPMENT_TEAM = 5SB3H4Y5NS;
				INFOPLIST_FILE = Resources/Info.plist;
				IPHONEOS_DEPLOYMENT_TARGET = 13.0;
				LD_RUNPATH_SEARCH_PATHS = (
					"$(inherited)",
					"@executable_path/Frameworks",
				);
				PRODUCT_BUNDLE_IDENTIFIER = com.ldakhoa.bsuser;
				PRODUCT_NAME = "$(TARGET_NAME)";
				SWIFT_VERSION = 5.0;
				TARGETED_DEVICE_FAMILY = "1,2";
			};
			name = Debug;
		};
		64CE1B402531ACFB00A194E3 /* Release */ = {
			isa = XCBuildConfiguration;
			baseConfigurationReference = B482B437B215EAF172983D6A /* Pods-bsuser.release.xcconfig */;
			buildSettings = {
				ASSETCATALOG_COMPILER_APPICON_NAME = AppIcon;
				ASSETCATALOG_COMPILER_GLOBAL_ACCENT_COLOR_NAME = AccentColor;
				CODE_SIGN_STYLE = Automatic;
				DEVELOPMENT_TEAM = 5SB3H4Y5NS;
				INFOPLIST_FILE = Resources/Info.plist;
				IPHONEOS_DEPLOYMENT_TARGET = 13.0;
				LD_RUNPATH_SEARCH_PATHS = (
					"$(inherited)",
					"@executable_path/Frameworks",
				);
				PRODUCT_BUNDLE_IDENTIFIER = com.ldakhoa.bsuser;
				PRODUCT_NAME = "$(TARGET_NAME)";
				SWIFT_VERSION = 5.0;
				TARGETED_DEVICE_FAMILY = "1,2";
			};
			name = Release;
		};
		64CE1B422531ACFB00A194E3 /* Debug */ = {
			isa = XCBuildConfiguration;
			baseConfigurationReference = 6F44A38AA91719D7D1E4DCDB /* Pods-bsuserTests.debug.xcconfig */;
			buildSettings = {
				ALWAYS_EMBED_SWIFT_STANDARD_LIBRARIES = YES;
				BUNDLE_LOADER = "$(TEST_HOST)";
				CODE_SIGN_STYLE = Automatic;
				DEVELOPMENT_TEAM = 5SB3H4Y5NS;
				INFOPLIST_FILE = bsuserTests/Info.plist;
				IPHONEOS_DEPLOYMENT_TARGET = 14.0;
				LD_RUNPATH_SEARCH_PATHS = (
					"$(inherited)",
					"@executable_path/Frameworks",
					"@loader_path/Frameworks",
				);
				PRODUCT_BUNDLE_IDENTIFIER = com.ldakhoa.bsuserTests;
				PRODUCT_NAME = "$(TARGET_NAME)";
				SWIFT_VERSION = 5.0;
				TARGETED_DEVICE_FAMILY = "1,2";
				TEST_HOST = "$(BUILT_PRODUCTS_DIR)/bsuser.app/bsuser";
			};
			name = Debug;
		};
		64CE1B432531ACFB00A194E3 /* Release */ = {
			isa = XCBuildConfiguration;
			baseConfigurationReference = E103A51535D3F8803D7B6095 /* Pods-bsuserTests.release.xcconfig */;
			buildSettings = {
				ALWAYS_EMBED_SWIFT_STANDARD_LIBRARIES = YES;
				BUNDLE_LOADER = "$(TEST_HOST)";
				CODE_SIGN_STYLE = Automatic;
				DEVELOPMENT_TEAM = 5SB3H4Y5NS;
				INFOPLIST_FILE = bsuserTests/Info.plist;
				IPHONEOS_DEPLOYMENT_TARGET = 14.0;
				LD_RUNPATH_SEARCH_PATHS = (
					"$(inherited)",
					"@executable_path/Frameworks",
					"@loader_path/Frameworks",
				);
				PRODUCT_BUNDLE_IDENTIFIER = com.ldakhoa.bsuserTests;
				PRODUCT_NAME = "$(TARGET_NAME)";
				SWIFT_VERSION = 5.0;
				TARGETED_DEVICE_FAMILY = "1,2";
				TEST_HOST = "$(BUILT_PRODUCTS_DIR)/bsuser.app/bsuser";
			};
			name = Release;
		};
		64CE1B452531ACFB00A194E3 /* Debug */ = {
			isa = XCBuildConfiguration;
			baseConfigurationReference = 3FB205EB3D496EB744764715 /* Pods-bsuser-bsuserUITests.debug.xcconfig */;
			buildSettings = {
				ALWAYS_EMBED_SWIFT_STANDARD_LIBRARIES = YES;
				CODE_SIGN_STYLE = Automatic;
				DEVELOPMENT_TEAM = 5SB3H4Y5NS;
				INFOPLIST_FILE = bsuserUITests/Info.plist;
				LD_RUNPATH_SEARCH_PATHS = (
					"$(inherited)",
					"@executable_path/Frameworks",
					"@loader_path/Frameworks",
				);
				PRODUCT_BUNDLE_IDENTIFIER = com.ldakhoa.bsuserUITests;
				PRODUCT_NAME = "$(TARGET_NAME)";
				SWIFT_VERSION = 5.0;
				TARGETED_DEVICE_FAMILY = "1,2";
				TEST_TARGET_NAME = bsuser;
			};
			name = Debug;
		};
		64CE1B462531ACFB00A194E3 /* Release */ = {
			isa = XCBuildConfiguration;
			baseConfigurationReference = 5FD6E2F2BA67D01B29219162 /* Pods-bsuser-bsuserUITests.release.xcconfig */;
			buildSettings = {
				ALWAYS_EMBED_SWIFT_STANDARD_LIBRARIES = YES;
				CODE_SIGN_STYLE = Automatic;
				DEVELOPMENT_TEAM = 5SB3H4Y5NS;
				INFOPLIST_FILE = bsuserUITests/Info.plist;
				LD_RUNPATH_SEARCH_PATHS = (
					"$(inherited)",
					"@executable_path/Frameworks",
					"@loader_path/Frameworks",
				);
				PRODUCT_BUNDLE_IDENTIFIER = com.ldakhoa.bsuserUITests;
				PRODUCT_NAME = "$(TARGET_NAME)";
				SWIFT_VERSION = 5.0;
				TARGETED_DEVICE_FAMILY = "1,2";
				TEST_TARGET_NAME = bsuser;
			};
			name = Release;
		};
/* End XCBuildConfiguration section */

/* Begin XCConfigurationList section */
		64CE1B0F2531ACF900A194E3 /* Build configuration list for PBXProject "bsuser" */ = {
			isa = XCConfigurationList;
			buildConfigurations = (
				64CE1B3C2531ACFB00A194E3 /* Debug */,
				64CE1B3D2531ACFB00A194E3 /* Release */,
			);
			defaultConfigurationIsVisible = 0;
			defaultConfigurationName = Release;
		};
		64CE1B3E2531ACFB00A194E3 /* Build configuration list for PBXNativeTarget "bsuser" */ = {
			isa = XCConfigurationList;
			buildConfigurations = (
				64CE1B3F2531ACFB00A194E3 /* Debug */,
				64CE1B402531ACFB00A194E3 /* Release */,
			);
			defaultConfigurationIsVisible = 0;
			defaultConfigurationName = Release;
		};
		64CE1B412531ACFB00A194E3 /* Build configuration list for PBXNativeTarget "bsuserTests" */ = {
			isa = XCConfigurationList;
			buildConfigurations = (
				64CE1B422531ACFB00A194E3 /* Debug */,
				64CE1B432531ACFB00A194E3 /* Release */,
			);
			defaultConfigurationIsVisible = 0;
			defaultConfigurationName = Release;
		};
		64CE1B442531ACFB00A194E3 /* Build configuration list for PBXNativeTarget "bsuserUITests" */ = {
			isa = XCConfigurationList;
			buildConfigurations = (
				64CE1B452531ACFB00A194E3 /* Debug */,
				64CE1B462531ACFB00A194E3 /* Release */,
			);
			defaultConfigurationIsVisible = 0;
			defaultConfigurationName = Release;
		};
/* End XCConfigurationList section */
	};
	rootObject = 64CE1B0C2531ACF900A194E3 /* Project object */;
}
